// !$*UTF8*$!
{
	archiveVersion = 1;
	classes = {
	};
	objectVersion = 56;
	objects = {

/* Begin PBXBuildFile section */
		CC16BC8F2A7A2FFD000850CD /* AppDelegate.swift in Sources */ = {isa = PBXBuildFile; fileRef = CC16BC8E2A7A2FFD000850CD /* AppDelegate.swift */; };
		CC16BC912A7A2FFD000850CD /* SceneDelegate.swift in Sources */ = {isa = PBXBuildFile; fileRef = CC16BC902A7A2FFD000850CD /* SceneDelegate.swift */; };
		CC16BC932A7A2FFD000850CD /* ViewController.swift in Sources */ = {isa = PBXBuildFile; fileRef = CC16BC922A7A2FFD000850CD /* ViewController.swift */; };
		CC16BC962A7A2FFD000850CD /* Main.storyboard in Resources */ = {isa = PBXBuildFile; fileRef = CC16BC942A7A2FFD000850CD /* Main.storyboard */; };
		CC16BC992A7A2FFD000850CD /* Music_app.xcdatamodeld in Sources */ = {isa = PBXBuildFile; fileRef = CC16BC972A7A2FFD000850CD /* Music_app.xcdatamodeld */; };
		CC16BC9B2A7A2FFE000850CD /* Assets.xcassets in Resources */ = {isa = PBXBuildFile; fileRef = CC16BC9A2A7A2FFE000850CD /* Assets.xcassets */; };
		CC16BC9E2A7A2FFE000850CD /* LaunchScreen.storyboard in Resources */ = {isa = PBXBuildFile; fileRef = CC16BC9C2A7A2FFE000850CD /* LaunchScreen.storyboard */; };
		CC16BCA62A7A3E27000850CD /* NetworkService.swift in Sources */ = {isa = PBXBuildFile; fileRef = CC16BCA52A7A3E27000850CD /* NetworkService.swift */; };
		CC16BCCC2A7C0E49000850CD /* LoginViewController.swift in Sources */ = {isa = PBXBuildFile; fileRef = CC16BCCB2A7C0E49000850CD /* LoginViewController.swift */; };
		CC351E852A7D39BB003EF23D /* CoordinatorProtocol.swift in Sources */ = {isa = PBXBuildFile; fileRef = CC351E842A7D39BB003EF23D /* CoordinatorProtocol.swift */; };
		CC351E872A7D3A30003EF23D /* MainCoordinator.swift in Sources */ = {isa = PBXBuildFile; fileRef = CC351E862A7D3A30003EF23D /* MainCoordinator.swift */; };
		CC351E892A7D3AED003EF23D /* LoginViewModel.swift in Sources */ = {isa = PBXBuildFile; fileRef = CC351E882A7D3AED003EF23D /* LoginViewModel.swift */; };
		CC351E8B2A7D3B02003EF23D /* LoginViewModelProtocol.swift in Sources */ = {isa = PBXBuildFile; fileRef = CC351E8A2A7D3B02003EF23D /* LoginViewModelProtocol.swift */; };
		CC351E8D2A7D3B74003EF23D /* AppConstants.swift in Sources */ = {isa = PBXBuildFile; fileRef = CC351E8C2A7D3B74003EF23D /* AppConstants.swift */; };
		CC351E8F2A7D3C58003EF23D /* TabbarCoordinator.swift in Sources */ = {isa = PBXBuildFile; fileRef = CC351E8E2A7D3C58003EF23D /* TabbarCoordinator.swift */; };
		CC351E922A7D3CD3003EF23D /* LoginCoordinator.swift in Sources */ = {isa = PBXBuildFile; fileRef = CC351E912A7D3CD3003EF23D /* LoginCoordinator.swift */; };
		CC351E942A7D3DEB003EF23D /* LoginStoryboard.storyboard in Resources */ = {isa = PBXBuildFile; fileRef = CC351E932A7D3DEB003EF23D /* LoginStoryboard.storyboard */; };
		CC351E982A7D437B003EF23D /* LoginManager.swift in Sources */ = {isa = PBXBuildFile; fileRef = CC351E972A7D437B003EF23D /* LoginManager.swift */; };
		CC351E9A2A7D43F2003EF23D /* NetworkConstants.swift in Sources */ = {isa = PBXBuildFile; fileRef = CC351E992A7D43F2003EF23D /* NetworkConstants.swift */; };
		CC351E9D2A7D4565003EF23D /* KeychainManager.swift in Sources */ = {isa = PBXBuildFile; fileRef = CC351E9C2A7D4565003EF23D /* KeychainManager.swift */; };
		CC351EA22A7E7D0A003EF23D /* MainPageViewController.swift in Sources */ = {isa = PBXBuildFile; fileRef = CC351EA12A7E7D0A003EF23D /* MainPageViewController.swift */; };
		CC351EA42A7E7D12003EF23D /* MainPageStoryboard.storyboard in Resources */ = {isa = PBXBuildFile; fileRef = CC351EA32A7E7D12003EF23D /* MainPageStoryboard.storyboard */; };
		CC351EA72A7E7D82003EF23D /* FirstPageCoordinator.swift in Sources */ = {isa = PBXBuildFile; fileRef = CC351EA62A7E7D82003EF23D /* FirstPageCoordinator.swift */; };
		CC351ED82A7E952E003EF23D /* TabBarController.swift in Sources */ = {isa = PBXBuildFile; fileRef = CC351ED72A7E952E003EF23D /* TabBarController.swift */; };
		CC351F162A7FA782003EF23D /* HeaderTableViewCell.swift in Sources */ = {isa = PBXBuildFile; fileRef = CC351F142A7FA782003EF23D /* HeaderTableViewCell.swift */; };
		CC351F172A7FA782003EF23D /* HeaderTableViewCell.xib in Resources */ = {isa = PBXBuildFile; fileRef = CC351F152A7FA782003EF23D /* HeaderTableViewCell.xib */; };
		CC351F1B2A7FBB07003EF23D /* SuggestedPlaylistTableViewCell.swift in Sources */ = {isa = PBXBuildFile; fileRef = CC351F192A7FBB07003EF23D /* SuggestedPlaylistTableViewCell.swift */; };
		CC351F1C2A7FBB07003EF23D /* SuggestedPlaylistTableViewCell.xib in Resources */ = {isa = PBXBuildFile; fileRef = CC351F1A2A7FBB07003EF23D /* SuggestedPlaylistTableViewCell.xib */; };
		CC351F242A7FBBF9003EF23D /* SuggestePlaylistCollectionViewCell.swift in Sources */ = {isa = PBXBuildFile; fileRef = CC351F222A7FBBF9003EF23D /* SuggestePlaylistCollectionViewCell.swift */; };
		CC351F252A7FBBF9003EF23D /* SuggestePlaylistCollectionViewCell.xib in Resources */ = {isa = PBXBuildFile; fileRef = CC351F232A7FBBF9003EF23D /* SuggestePlaylistCollectionViewCell.xib */; };
		D5B4A4EAD928BFB74195390F /* libPods-Music app.a in Frameworks */ = {isa = PBXBuildFile; fileRef = 03C5652567028BF0EE070A3B /* libPods-Music app.a */; };
/* End PBXBuildFile section */

/* Begin PBXFileReference section */
		03C5652567028BF0EE070A3B /* libPods-Music app.a */ = {isa = PBXFileReference; explicitFileType = archive.ar; includeInIndex = 0; path = "libPods-Music app.a"; sourceTree = BUILT_PRODUCTS_DIR; };
		2280ABF89DE0A6DE50FA10BA /* Pods-Music app.debug.xcconfig */ = {isa = PBXFileReference; includeInIndex = 1; lastKnownFileType = text.xcconfig; name = "Pods-Music app.debug.xcconfig"; path = "Target Support Files/Pods-Music app/Pods-Music app.debug.xcconfig"; sourceTree = "<group>"; };
		BB57875C3D08EC7B7A0598B8 /* Pods-Music app.release.xcconfig */ = {isa = PBXFileReference; includeInIndex = 1; lastKnownFileType = text.xcconfig; name = "Pods-Music app.release.xcconfig"; path = "Target Support Files/Pods-Music app/Pods-Music app.release.xcconfig"; sourceTree = "<group>"; };
		CC16BC8B2A7A2FFD000850CD /* Music app.app */ = {isa = PBXFileReference; explicitFileType = wrapper.application; includeInIndex = 0; path = "Music app.app"; sourceTree = BUILT_PRODUCTS_DIR; };
		CC16BC8E2A7A2FFD000850CD /* AppDelegate.swift */ = {isa = PBXFileReference; lastKnownFileType = sourcecode.swift; path = AppDelegate.swift; sourceTree = "<group>"; };
		CC16BC902A7A2FFD000850CD /* SceneDelegate.swift */ = {isa = PBXFileReference; lastKnownFileType = sourcecode.swift; path = SceneDelegate.swift; sourceTree = "<group>"; };
		CC16BC922A7A2FFD000850CD /* ViewController.swift */ = {isa = PBXFileReference; lastKnownFileType = sourcecode.swift; path = ViewController.swift; sourceTree = "<group>"; };
		CC16BC952A7A2FFD000850CD /* Base */ = {isa = PBXFileReference; lastKnownFileType = file.storyboard; name = Base; path = Base.lproj/Main.storyboard; sourceTree = "<group>"; };
		CC16BC982A7A2FFD000850CD /* Music_app.xcdatamodel */ = {isa = PBXFileReference; lastKnownFileType = wrapper.xcdatamodel; path = Music_app.xcdatamodel; sourceTree = "<group>"; };
		CC16BC9A2A7A2FFE000850CD /* Assets.xcassets */ = {isa = PBXFileReference; lastKnownFileType = folder.assetcatalog; path = Assets.xcassets; sourceTree = "<group>"; };
		CC16BC9D2A7A2FFE000850CD /* Base */ = {isa = PBXFileReference; lastKnownFileType = file.storyboard; name = Base; path = Base.lproj/LaunchScreen.storyboard; sourceTree = "<group>"; };
		CC16BC9F2A7A2FFE000850CD /* Info.plist */ = {isa = PBXFileReference; lastKnownFileType = text.plist.xml; path = Info.plist; sourceTree = "<group>"; };
		CC16BCA52A7A3E27000850CD /* NetworkService.swift */ = {isa = PBXFileReference; lastKnownFileType = sourcecode.swift; path = NetworkService.swift; sourceTree = "<group>"; };
		CC16BCCB2A7C0E49000850CD /* LoginViewController.swift */ = {isa = PBXFileReference; lastKnownFileType = sourcecode.swift; path = LoginViewController.swift; sourceTree = "<group>"; };
		CC351E842A7D39BB003EF23D /* CoordinatorProtocol.swift */ = {isa = PBXFileReference; lastKnownFileType = sourcecode.swift; path = CoordinatorProtocol.swift; sourceTree = "<group>"; };
		CC351E862A7D3A30003EF23D /* MainCoordinator.swift */ = {isa = PBXFileReference; lastKnownFileType = sourcecode.swift; path = MainCoordinator.swift; sourceTree = "<group>"; };
		CC351E882A7D3AED003EF23D /* LoginViewModel.swift */ = {isa = PBXFileReference; lastKnownFileType = sourcecode.swift; path = LoginViewModel.swift; sourceTree = "<group>"; };
		CC351E8A2A7D3B02003EF23D /* LoginViewModelProtocol.swift */ = {isa = PBXFileReference; lastKnownFileType = sourcecode.swift; path = LoginViewModelProtocol.swift; sourceTree = "<group>"; };
		CC351E8C2A7D3B74003EF23D /* AppConstants.swift */ = {isa = PBXFileReference; lastKnownFileType = sourcecode.swift; path = AppConstants.swift; sourceTree = "<group>"; };
		CC351E8E2A7D3C58003EF23D /* TabbarCoordinator.swift */ = {isa = PBXFileReference; lastKnownFileType = sourcecode.swift; path = TabbarCoordinator.swift; sourceTree = "<group>"; };
		CC351E912A7D3CD3003EF23D /* LoginCoordinator.swift */ = {isa = PBXFileReference; lastKnownFileType = sourcecode.swift; path = LoginCoordinator.swift; sourceTree = "<group>"; };
		CC351E932A7D3DEB003EF23D /* LoginStoryboard.storyboard */ = {isa = PBXFileReference; lastKnownFileType = file.storyboard; path = LoginStoryboard.storyboard; sourceTree = "<group>"; };
		CC351E972A7D437B003EF23D /* LoginManager.swift */ = {isa = PBXFileReference; lastKnownFileType = sourcecode.swift; path = LoginManager.swift; sourceTree = "<group>"; };
		CC351E992A7D43F2003EF23D /* NetworkConstants.swift */ = {isa = PBXFileReference; lastKnownFileType = sourcecode.swift; path = NetworkConstants.swift; sourceTree = "<group>"; };
		CC351E9C2A7D4565003EF23D /* KeychainManager.swift */ = {isa = PBXFileReference; lastKnownFileType = sourcecode.swift; path = KeychainManager.swift; sourceTree = "<group>"; };
		CC351EA12A7E7D0A003EF23D /* MainPageViewController.swift */ = {isa = PBXFileReference; lastKnownFileType = sourcecode.swift; path = MainPageViewController.swift; sourceTree = "<group>"; };
		CC351EA32A7E7D12003EF23D /* MainPageStoryboard.storyboard */ = {isa = PBXFileReference; lastKnownFileType = file.storyboard; path = MainPageStoryboard.storyboard; sourceTree = "<group>"; };
		CC351EA62A7E7D82003EF23D /* FirstPageCoordinator.swift */ = {isa = PBXFileReference; lastKnownFileType = sourcecode.swift; path = FirstPageCoordinator.swift; sourceTree = "<group>"; };
		CC351ED72A7E952E003EF23D /* TabBarController.swift */ = {isa = PBXFileReference; lastKnownFileType = sourcecode.swift; path = TabBarController.swift; sourceTree = "<group>"; };
		CC351F142A7FA782003EF23D /* HeaderTableViewCell.swift */ = {isa = PBXFileReference; lastKnownFileType = sourcecode.swift; path = HeaderTableViewCell.swift; sourceTree = "<group>"; };
		CC351F152A7FA782003EF23D /* HeaderTableViewCell.xib */ = {isa = PBXFileReference; lastKnownFileType = file.xib; path = HeaderTableViewCell.xib; sourceTree = "<group>"; };
		CC351F192A7FBB07003EF23D /* SuggestedPlaylistTableViewCell.swift */ = {isa = PBXFileReference; lastKnownFileType = sourcecode.swift; path = SuggestedPlaylistTableViewCell.swift; sourceTree = "<group>"; };
		CC351F1A2A7FBB07003EF23D /* SuggestedPlaylistTableViewCell.xib */ = {isa = PBXFileReference; lastKnownFileType = file.xib; path = SuggestedPlaylistTableViewCell.xib; sourceTree = "<group>"; };
		CC351F222A7FBBF9003EF23D /* SuggestePlaylistCollectionViewCell.swift */ = {isa = PBXFileReference; lastKnownFileType = sourcecode.swift; path = SuggestePlaylistCollectionViewCell.swift; sourceTree = "<group>"; };
		CC351F232A7FBBF9003EF23D /* SuggestePlaylistCollectionViewCell.xib */ = {isa = PBXFileReference; lastKnownFileType = file.xib; path = SuggestePlaylistCollectionViewCell.xib; sourceTree = "<group>"; };
/* End PBXFileReference section */

/* Begin PBXFrameworksBuildPhase section */
		CC16BC882A7A2FFD000850CD /* Frameworks */ = {
			isa = PBXFrameworksBuildPhase;
			buildActionMask = 2147483647;
			files = (
				D5B4A4EAD928BFB74195390F /* libPods-Music app.a in Frameworks */,
			);
			runOnlyForDeploymentPostprocessing = 0;
		};
/* End PBXFrameworksBuildPhase section */

/* Begin PBXGroup section */
		AB64303CD3C691F8CA7DE0B4 /* Pods */ = {
			isa = PBXGroup;
			children = (
				2280ABF89DE0A6DE50FA10BA /* Pods-Music app.debug.xcconfig */,
				BB57875C3D08EC7B7A0598B8 /* Pods-Music app.release.xcconfig */,
			);
			path = Pods;
			sourceTree = "<group>";
		};
		B771B040A6181E60B339D5FE /* Frameworks */ = {
			isa = PBXGroup;
			children = (
				03C5652567028BF0EE070A3B /* libPods-Music app.a */,
			);
			name = Frameworks;
			sourceTree = "<group>";
		};
		CC16BC822A7A2FFD000850CD = {
			isa = PBXGroup;
			children = (
				CC16BC8D2A7A2FFD000850CD /* Music app */,
				CC16BC8C2A7A2FFD000850CD /* Products */,
				AB64303CD3C691F8CA7DE0B4 /* Pods */,
				B771B040A6181E60B339D5FE /* Frameworks */,
			);
			sourceTree = "<group>";
		};
		CC16BC8C2A7A2FFD000850CD /* Products */ = {
			isa = PBXGroup;
			children = (
				CC16BC8B2A7A2FFD000850CD /* Music app.app */,
			);
			name = Products;
			sourceTree = "<group>";
		};
		CC16BC8D2A7A2FFD000850CD /* Music app */ = {
			isa = PBXGroup;
			children = (
				CC351ED42A7E94DA003EF23D /* TabBarModule */,
				CC351E952A7D4345003EF23D /* Managers */,
				CC16BCCD2A7C0E4F000850CD /* Coordinator */,
				CC16BCC72A7C0D9A000850CD /* LoginModule */,
				CC16BC8E2A7A2FFD000850CD /* AppDelegate.swift */,
				CC16BC902A7A2FFD000850CD /* SceneDelegate.swift */,
				CC16BC922A7A2FFD000850CD /* ViewController.swift */,
				CC16BC942A7A2FFD000850CD /* Main.storyboard */,
				CC16BC9A2A7A2FFE000850CD /* Assets.xcassets */,
				CC16BC9C2A7A2FFE000850CD /* LaunchScreen.storyboard */,
				CC16BC9F2A7A2FFE000850CD /* Info.plist */,
				CC16BC972A7A2FFD000850CD /* Music_app.xcdatamodeld */,
				CC16BCA52A7A3E27000850CD /* NetworkService.swift */,
				CC351E8C2A7D3B74003EF23D /* AppConstants.swift */,
			);
			path = "Music app";
			sourceTree = "<group>";
		};
		CC16BCC72A7C0D9A000850CD /* LoginModule */ = {
			isa = PBXGroup;
			children = (
				CC351E902A7D3CBE003EF23D /* Coordinator */,
				CC16BCC92A7C0DBC000850CD /* ViewModel */,
				CC16BCC82A7C0DA9000850CD /* View */,
			);
			path = LoginModule;
			sourceTree = "<group>";
		};
		CC16BCC82A7C0DA9000850CD /* View */ = {
			isa = PBXGroup;
			children = (
				CC16BCCB2A7C0E49000850CD /* LoginViewController.swift */,
				CC351E932A7D3DEB003EF23D /* LoginStoryboard.storyboard */,
			);
			path = View;
			sourceTree = "<group>";
		};
		CC16BCC92A7C0DBC000850CD /* ViewModel */ = {
			isa = PBXGroup;
			children = (
				CC351E882A7D3AED003EF23D /* LoginViewModel.swift */,
				CC351E8A2A7D3B02003EF23D /* LoginViewModelProtocol.swift */,
			);
			path = ViewModel;
			sourceTree = "<group>";
		};
		CC16BCCD2A7C0E4F000850CD /* Coordinator */ = {
			isa = PBXGroup;
			children = (
				CC351E832A7D39AA003EF23D /* Protocol */,
				CC351E862A7D3A30003EF23D /* MainCoordinator.swift */,
				CC351E8E2A7D3C58003EF23D /* TabbarCoordinator.swift */,
			);
			path = Coordinator;
			sourceTree = "<group>";
		};
		CC351E832A7D39AA003EF23D /* Protocol */ = {
			isa = PBXGroup;
			children = (
				CC351E842A7D39BB003EF23D /* CoordinatorProtocol.swift */,
			);
			path = Protocol;
			sourceTree = "<group>";
		};
		CC351E902A7D3CBE003EF23D /* Coordinator */ = {
			isa = PBXGroup;
			children = (
				CC351E912A7D3CD3003EF23D /* LoginCoordinator.swift */,
			);
			path = Coordinator;
			sourceTree = "<group>";
		};
		CC351E952A7D4345003EF23D /* Managers */ = {
			isa = PBXGroup;
			children = (
				CC351E9B2A7D4551003EF23D /* KeychainManager */,
				CC351E962A7D435D003EF23D /* NetworkManagers */,
			);
			path = Managers;
			sourceTree = "<group>";
		};
		CC351E962A7D435D003EF23D /* NetworkManagers */ = {
			isa = PBXGroup;
			children = (
				CC351E972A7D437B003EF23D /* LoginManager.swift */,
				CC351E992A7D43F2003EF23D /* NetworkConstants.swift */,
			);
			path = NetworkManagers;
			sourceTree = "<group>";
		};
		CC351E9B2A7D4551003EF23D /* KeychainManager */ = {
			isa = PBXGroup;
			children = (
				CC351E9C2A7D4565003EF23D /* KeychainManager.swift */,
			);
			path = KeychainManager;
			sourceTree = "<group>";
		};
		CC351E9E2A7E6962003EF23D /* MainPageModule */ = {
			isa = PBXGroup;
			children = (
				CC351EA52A7E7D72003EF23D /* Coordinator */,
				CC351EA02A7E7CF8003EF23D /* ViewModel */,
				CC351E9F2A7E7CF2003EF23D /* View */,
			);
			path = MainPageModule;
			sourceTree = "<group>";
		};
		CC351E9F2A7E7CF2003EF23D /* View */ = {
			isa = PBXGroup;
			children = (
				CC351F182A7FBAEA003EF23D /* SuggestedPlaylistViewCell */,
				CC351F132A7FA75A003EF23D /* HeaderTableViewCell */,
				CC351EA12A7E7D0A003EF23D /* MainPageViewController.swift */,
				CC351EA32A7E7D12003EF23D /* MainPageStoryboard.storyboard */,
			);
			path = View;
			sourceTree = "<group>";
		};
		CC351EA02A7E7CF8003EF23D /* ViewModel */ = {
			isa = PBXGroup;
			children = (
			);
			path = ViewModel;
			sourceTree = "<group>";
		};
		CC351EA52A7E7D72003EF23D /* Coordinator */ = {
			isa = PBXGroup;
			children = (
				CC351EA62A7E7D82003EF23D /* FirstPageCoordinator.swift */,
			);
			path = Coordinator;
			sourceTree = "<group>";
		};
		CC351ED42A7E94DA003EF23D /* TabBarModule */ = {
			isa = PBXGroup;
			children = (
				CC351ED92A7F7112003EF23D /* SettingsModule */,
				CC351E9E2A7E6962003EF23D /* MainPageModule */,
				CC351ED72A7E952E003EF23D /* TabBarController.swift */,
			);
			path = TabBarModule;
			sourceTree = "<group>";
		};
		CC351ED92A7F7112003EF23D /* SettingsModule */ = {
			isa = PBXGroup;
			children = (
			);
			path = SettingsModule;
			sourceTree = "<group>";
		};
		CC351F132A7FA75A003EF23D /* HeaderTableViewCell */ = {
			isa = PBXGroup;
			children = (
				CC351F142A7FA782003EF23D /* HeaderTableViewCell.swift */,
				CC351F152A7FA782003EF23D /* HeaderTableViewCell.xib */,
			);
			path = HeaderTableViewCell;
			sourceTree = "<group>";
		};
		CC351F182A7FBAEA003EF23D /* SuggestedPlaylistViewCell */ = {
			isa = PBXGroup;
			children = (
				CC351F1D2A7FBBC0003EF23D /* CollectionViewCell */,
				CC351F192A7FBB07003EF23D /* SuggestedPlaylistTableViewCell.swift */,
				CC351F1A2A7FBB07003EF23D /* SuggestedPlaylistTableViewCell.xib */,
			);
			path = SuggestedPlaylistViewCell;
			sourceTree = "<group>";
		};
		CC351F1D2A7FBBC0003EF23D /* CollectionViewCell */ = {
			isa = PBXGroup;
			children = (
				CC351F222A7FBBF9003EF23D /* SuggestePlaylistCollectionViewCell.swift */,
				CC351F232A7FBBF9003EF23D /* SuggestePlaylistCollectionViewCell.xib */,
			);
			path = CollectionViewCell;
			sourceTree = "<group>";
		};
/* End PBXGroup section */

/* Begin PBXNativeTarget section */
		CC16BC8A2A7A2FFD000850CD /* Music app */ = {
			isa = PBXNativeTarget;
			buildConfigurationList = CC16BCA22A7A2FFE000850CD /* Build configuration list for PBXNativeTarget "Music app" */;
			buildPhases = (
				666726EA324A989BE848B369 /* [CP] Check Pods Manifest.lock */,
				CC16BC872A7A2FFD000850CD /* Sources */,
				CC16BC882A7A2FFD000850CD /* Frameworks */,
				CC16BC892A7A2FFD000850CD /* Resources */,
			);
			buildRules = (
			);
			dependencies = (
			);
			name = "Music app";
			productName = "Music app";
			productReference = CC16BC8B2A7A2FFD000850CD /* Music app.app */;
			productType = "com.apple.product-type.application";
		};
/* End PBXNativeTarget section */

/* Begin PBXProject section */
		CC16BC832A7A2FFD000850CD /* Project object */ = {
			isa = PBXProject;
			attributes = {
				BuildIndependentTargetsInParallel = 1;
				LastSwiftUpdateCheck = 1430;
				LastUpgradeCheck = 1430;
				TargetAttributes = {
					CC16BC8A2A7A2FFD000850CD = {
						CreatedOnToolsVersion = 14.3;
					};
				};
			};
			buildConfigurationList = CC16BC862A7A2FFD000850CD /* Build configuration list for PBXProject "Music app" */;
			compatibilityVersion = "Xcode 14.0";
			developmentRegion = en;
			hasScannedForEncodings = 0;
			knownRegions = (
				en,
				Base,
			);
			mainGroup = CC16BC822A7A2FFD000850CD;
			productRefGroup = CC16BC8C2A7A2FFD000850CD /* Products */;
			projectDirPath = "";
			projectRoot = "";
			targets = (
				CC16BC8A2A7A2FFD000850CD /* Music app */,
			);
		};
/* End PBXProject section */

/* Begin PBXResourcesBuildPhase section */
		CC16BC892A7A2FFD000850CD /* Resources */ = {
			isa = PBXResourcesBuildPhase;
			buildActionMask = 2147483647;
			files = (
				CC16BC9E2A7A2FFE000850CD /* LaunchScreen.storyboard in Resources */,
				CC16BC9B2A7A2FFE000850CD /* Assets.xcassets in Resources */,
				CC16BC962A7A2FFD000850CD /* Main.storyboard in Resources */,
				CC351F172A7FA782003EF23D /* HeaderTableViewCell.xib in Resources */,
				CC351EA42A7E7D12003EF23D /* MainPageStoryboard.storyboard in Resources */,
				CC351F1C2A7FBB07003EF23D /* SuggestedPlaylistTableViewCell.xib in Resources */,
				CC351E942A7D3DEB003EF23D /* LoginStoryboard.storyboard in Resources */,
				CC351F252A7FBBF9003EF23D /* SuggestePlaylistCollectionViewCell.xib in Resources */,
			);
			runOnlyForDeploymentPostprocessing = 0;
		};
/* End PBXResourcesBuildPhase section */

/* Begin PBXShellScriptBuildPhase section */
		666726EA324A989BE848B369 /* [CP] Check Pods Manifest.lock */ = {
			isa = PBXShellScriptBuildPhase;
			buildActionMask = 2147483647;
			files = (
			);
			inputFileListPaths = (
			);
			inputPaths = (
				"${PODS_PODFILE_DIR_PATH}/Podfile.lock",
				"${PODS_ROOT}/Manifest.lock",
			);
			name = "[CP] Check Pods Manifest.lock";
			outputFileListPaths = (
			);
			outputPaths = (
				"$(DERIVED_FILE_DIR)/Pods-Music app-checkManifestLockResult.txt",
			);
			runOnlyForDeploymentPostprocessing = 0;
			shellPath = /bin/sh;
			shellScript = "diff \"${PODS_PODFILE_DIR_PATH}/Podfile.lock\" \"${PODS_ROOT}/Manifest.lock\" > /dev/null\nif [ $? != 0 ] ; then\n    # print error to STDERR\n    echo \"error: The sandbox is not in sync with the Podfile.lock. Run 'pod install' or update your CocoaPods installation.\" >&2\n    exit 1\nfi\n# This output is used by Xcode 'outputs' to avoid re-running this script phase.\necho \"SUCCESS\" > \"${SCRIPT_OUTPUT_FILE_0}\"\n";
			showEnvVarsInLog = 0;
		};
/* End PBXShellScriptBuildPhase section */

/* Begin PBXSourcesBuildPhase section */
		CC16BC872A7A2FFD000850CD /* Sources */ = {
			isa = PBXSourcesBuildPhase;
			buildActionMask = 2147483647;
			files = (
				CC351E852A7D39BB003EF23D /* CoordinatorProtocol.swift in Sources */,
				CC351E872A7D3A30003EF23D /* MainCoordinator.swift in Sources */,
				CC16BCCC2A7C0E49000850CD /* LoginViewController.swift in Sources */,
				CC351E8D2A7D3B74003EF23D /* AppConstants.swift in Sources */,
				CC351E922A7D3CD3003EF23D /* LoginCoordinator.swift in Sources */,
				CC16BCA62A7A3E27000850CD /* NetworkService.swift in Sources */,
				CC16BC932A7A2FFD000850CD /* ViewController.swift in Sources */,
				CC351E9D2A7D4565003EF23D /* KeychainManager.swift in Sources */,
				CC351F1B2A7FBB07003EF23D /* SuggestedPlaylistTableViewCell.swift in Sources */,
				CC16BC8F2A7A2FFD000850CD /* AppDelegate.swift in Sources */,
				CC16BC912A7A2FFD000850CD /* SceneDelegate.swift in Sources */,
				CC351F242A7FBBF9003EF23D /* SuggestePlaylistCollectionViewCell.swift in Sources */,
				CC351ED82A7E952E003EF23D /* TabBarController.swift in Sources */,
				CC16BC992A7A2FFD000850CD /* Music_app.xcdatamodeld in Sources */,
				CC351E8B2A7D3B02003EF23D /* LoginViewModelProtocol.swift in Sources */,
				CC351E8F2A7D3C58003EF23D /* TabbarCoordinator.swift in Sources */,
				CC351E9A2A7D43F2003EF23D /* NetworkConstants.swift in Sources */,
				CC351F162A7FA782003EF23D /* HeaderTableViewCell.swift in Sources */,
				CC351EA72A7E7D82003EF23D /* FirstPageCoordinator.swift in Sources */,
				CC351E892A7D3AED003EF23D /* LoginViewModel.swift in Sources */,
				CC351EA22A7E7D0A003EF23D /* MainPageViewController.swift in Sources */,
				CC351E982A7D437B003EF23D /* LoginManager.swift in Sources */,
			);
			runOnlyForDeploymentPostprocessing = 0;
		};
/* End PBXSourcesBuildPhase section */

/* Begin PBXVariantGroup section */
		CC16BC942A7A2FFD000850CD /* Main.storyboard */ = {
			isa = PBXVariantGroup;
			children = (
				CC16BC952A7A2FFD000850CD /* Base */,
			);
			name = Main.storyboard;
			sourceTree = "<group>";
		};
		CC16BC9C2A7A2FFE000850CD /* LaunchScreen.storyboard */ = {
			isa = PBXVariantGroup;
			children = (
				CC16BC9D2A7A2FFE000850CD /* Base */,
			);
			name = LaunchScreen.storyboard;
			sourceTree = "<group>";
		};
/* End PBXVariantGroup section */

/* Begin XCBuildConfiguration section */
		CC16BCA02A7A2FFE000850CD /* Debug */ = {
			isa = XCBuildConfiguration;
			buildSettings = {
				ALWAYS_SEARCH_USER_PATHS = NO;
				CLANG_ANALYZER_NONNULL = YES;
				CLANG_ANALYZER_NUMBER_OBJECT_CONVERSION = YES_AGGRESSIVE;
				CLANG_CXX_LANGUAGE_STANDARD = "gnu++20";
				CLANG_ENABLE_MODULES = YES;
				CLANG_ENABLE_OBJC_ARC = YES;
				CLANG_ENABLE_OBJC_WEAK = YES;
				CLANG_WARN_BLOCK_CAPTURE_AUTORELEASING = YES;
				CLANG_WARN_BOOL_CONVERSION = YES;
				CLANG_WARN_COMMA = YES;
				CLANG_WARN_CONSTANT_CONVERSION = YES;
				CLANG_WARN_DEPRECATED_OBJC_IMPLEMENTATIONS = YES;
				CLANG_WARN_DIRECT_OBJC_ISA_USAGE = YES_ERROR;
				CLANG_WARN_DOCUMENTATION_COMMENTS = YES;
				CLANG_WARN_EMPTY_BODY = YES;
				CLANG_WARN_ENUM_CONVERSION = YES;
				CLANG_WARN_INFINITE_RECURSION = YES;
				CLANG_WARN_INT_CONVERSION = YES;
				CLANG_WARN_NON_LITERAL_NULL_CONVERSION = YES;
				CLANG_WARN_OBJC_IMPLICIT_RETAIN_SELF = YES;
				CLANG_WARN_OBJC_LITERAL_CONVERSION = YES;
				CLANG_WARN_OBJC_ROOT_CLASS = YES_ERROR;
				CLANG_WARN_QUOTED_INCLUDE_IN_FRAMEWORK_HEADER = YES;
				CLANG_WARN_RANGE_LOOP_ANALYSIS = YES;
				CLANG_WARN_STRICT_PROTOTYPES = YES;
				CLANG_WARN_SUSPICIOUS_MOVE = YES;
				CLANG_WARN_UNGUARDED_AVAILABILITY = YES_AGGRESSIVE;
				CLANG_WARN_UNREACHABLE_CODE = YES;
				CLANG_WARN__DUPLICATE_METHOD_MATCH = YES;
				COPY_PHASE_STRIP = NO;
				DEBUG_INFORMATION_FORMAT = dwarf;
				ENABLE_STRICT_OBJC_MSGSEND = YES;
				ENABLE_TESTABILITY = YES;
				GCC_C_LANGUAGE_STANDARD = gnu11;
				GCC_DYNAMIC_NO_PIC = NO;
				GCC_NO_COMMON_BLOCKS = YES;
				GCC_OPTIMIZATION_LEVEL = 0;
				GCC_PREPROCESSOR_DEFINITIONS = (
					"DEBUG=1",
					"$(inherited)",
				);
				GCC_WARN_64_TO_32_BIT_CONVERSION = YES;
				GCC_WARN_ABOUT_RETURN_TYPE = YES_ERROR;
				GCC_WARN_UNDECLARED_SELECTOR = YES;
				GCC_WARN_UNINITIALIZED_AUTOS = YES_AGGRESSIVE;
				GCC_WARN_UNUSED_FUNCTION = YES;
				GCC_WARN_UNUSED_VARIABLE = YES;
				IPHONEOS_DEPLOYMENT_TARGET = 16.4;
				MTL_ENABLE_DEBUG_INFO = INCLUDE_SOURCE;
				MTL_FAST_MATH = YES;
				ONLY_ACTIVE_ARCH = YES;
				SDKROOT = iphoneos;
				SWIFT_ACTIVE_COMPILATION_CONDITIONS = DEBUG;
				SWIFT_OPTIMIZATION_LEVEL = "-Onone";
			};
			name = Debug;
		};
		CC16BCA12A7A2FFE000850CD /* Release */ = {
			isa = XCBuildConfiguration;
			buildSettings = {
				ALWAYS_SEARCH_USER_PATHS = NO;
				CLANG_ANALYZER_NONNULL = YES;
				CLANG_ANALYZER_NUMBER_OBJECT_CONVERSION = YES_AGGRESSIVE;
				CLANG_CXX_LANGUAGE_STANDARD = "gnu++20";
				CLANG_ENABLE_MODULES = YES;
				CLANG_ENABLE_OBJC_ARC = YES;
				CLANG_ENABLE_OBJC_WEAK = YES;
				CLANG_WARN_BLOCK_CAPTURE_AUTORELEASING = YES;
				CLANG_WARN_BOOL_CONVERSION = YES;
				CLANG_WARN_COMMA = YES;
				CLANG_WARN_CONSTANT_CONVERSION = YES;
				CLANG_WARN_DEPRECATED_OBJC_IMPLEMENTATIONS = YES;
				CLANG_WARN_DIRECT_OBJC_ISA_USAGE = YES_ERROR;
				CLANG_WARN_DOCUMENTATION_COMMENTS = YES;
				CLANG_WARN_EMPTY_BODY = YES;
				CLANG_WARN_ENUM_CONVERSION = YES;
				CLANG_WARN_INFINITE_RECURSION = YES;
				CLANG_WARN_INT_CONVERSION = YES;
				CLANG_WARN_NON_LITERAL_NULL_CONVERSION = YES;
				CLANG_WARN_OBJC_IMPLICIT_RETAIN_SELF = YES;
				CLANG_WARN_OBJC_LITERAL_CONVERSION = YES;
				CLANG_WARN_OBJC_ROOT_CLASS = YES_ERROR;
				CLANG_WARN_QUOTED_INCLUDE_IN_FRAMEWORK_HEADER = YES;
				CLANG_WARN_RANGE_LOOP_ANALYSIS = YES;
				CLANG_WARN_STRICT_PROTOTYPES = YES;
				CLANG_WARN_SUSPICIOUS_MOVE = YES;
				CLANG_WARN_UNGUARDED_AVAILABILITY = YES_AGGRESSIVE;
				CLANG_WARN_UNREACHABLE_CODE = YES;
				CLANG_WARN__DUPLICATE_METHOD_MATCH = YES;
				COPY_PHASE_STRIP = NO;
				DEBUG_INFORMATION_FORMAT = "dwarf-with-dsym";
				ENABLE_NS_ASSERTIONS = NO;
				ENABLE_STRICT_OBJC_MSGSEND = YES;
				GCC_C_LANGUAGE_STANDARD = gnu11;
				GCC_NO_COMMON_BLOCKS = YES;
				GCC_WARN_64_TO_32_BIT_CONVERSION = YES;
				GCC_WARN_ABOUT_RETURN_TYPE = YES_ERROR;
				GCC_WARN_UNDECLARED_SELECTOR = YES;
				GCC_WARN_UNINITIALIZED_AUTOS = YES_AGGRESSIVE;
				GCC_WARN_UNUSED_FUNCTION = YES;
				GCC_WARN_UNUSED_VARIABLE = YES;
				IPHONEOS_DEPLOYMENT_TARGET = 16.4;
				MTL_ENABLE_DEBUG_INFO = NO;
				MTL_FAST_MATH = YES;
				SDKROOT = iphoneos;
				SWIFT_COMPILATION_MODE = wholemodule;
				SWIFT_OPTIMIZATION_LEVEL = "-O";
				VALIDATE_PRODUCT = YES;
			};
			name = Release;
		};
		CC16BCA32A7A2FFE000850CD /* Debug */ = {
			isa = XCBuildConfiguration;
			baseConfigurationReference = 2280ABF89DE0A6DE50FA10BA /* Pods-Music app.debug.xcconfig */;
			buildSettings = {
				ASSETCATALOG_COMPILER_APPICON_NAME = AppIcon;
				ASSETCATALOG_COMPILER_GLOBAL_ACCENT_COLOR_NAME = AccentColor;
				CODE_SIGN_STYLE = Automatic;
				CURRENT_PROJECT_VERSION = 1;
				DEVELOPMENT_TEAM = 73Q6PTQ49X;
				GENERATE_INFOPLIST_FILE = YES;
				INFOPLIST_FILE = "Music app/Info.plist";
				INFOPLIST_KEY_UIApplicationSupportsIndirectInputEvents = YES;
				INFOPLIST_KEY_UILaunchStoryboardName = LaunchScreen;
				INFOPLIST_KEY_UIMainStoryboardFile = Main;
				INFOPLIST_KEY_UISupportedInterfaceOrientations = UIInterfaceOrientationPortrait;
				LD_RUNPATH_SEARCH_PATHS = (
					"$(inherited)",
					"@executable_path/Frameworks",
				);
				MARKETING_VERSION = 1.0;
				PRODUCT_BUNDLE_IDENTIFIER = "test.Music-app";
				PRODUCT_NAME = "$(TARGET_NAME)";
				SWIFT_EMIT_LOC_STRINGS = YES;
				SWIFT_VERSION = 5.0;
				TARGETED_DEVICE_FAMILY = "1,2";
			};
			name = Debug;
		};
		CC16BCA42A7A2FFE000850CD /* Release */ = {
			isa = XCBuildConfiguration;
			baseConfigurationReference = BB57875C3D08EC7B7A0598B8 /* Pods-Music app.release.xcconfig */;
			buildSettings = {
				ASSETCATALOG_COMPILER_APPICON_NAME = AppIcon;
				ASSETCATALOG_COMPILER_GLOBAL_ACCENT_COLOR_NAME = AccentColor;
				CODE_SIGN_STYLE = Automatic;
				CURRENT_PROJECT_VERSION = 1;
				DEVELOPMENT_TEAM = 73Q6PTQ49X;
				GENERATE_INFOPLIST_FILE = YES;
				INFOPLIST_FILE = "Music app/Info.plist";
				INFOPLIST_KEY_UIApplicationSupportsIndirectInputEvents = YES;
				INFOPLIST_KEY_UILaunchStoryboardName = LaunchScreen;
				INFOPLIST_KEY_UIMainStoryboardFile = Main;
				INFOPLIST_KEY_UISupportedInterfaceOrientations = UIInterfaceOrientationPortrait;
				LD_RUNPATH_SEARCH_PATHS = (
					"$(inherited)",
					"@executable_path/Frameworks",
				);
				MARKETING_VERSION = 1.0;
				PRODUCT_BUNDLE_IDENTIFIER = "test.Music-app";
				PRODUCT_NAME = "$(TARGET_NAME)";
				SWIFT_EMIT_LOC_STRINGS = YES;
				SWIFT_VERSION = 5.0;
				TARGETED_DEVICE_FAMILY = "1,2";
			};
			name = Release;
		};
/* End XCBuildConfiguration section */

/* Begin XCConfigurationList section */
		CC16BC862A7A2FFD000850CD /* Build configuration list for PBXProject "Music app" */ = {
			isa = XCConfigurationList;
			buildConfigurations = (
				CC16BCA02A7A2FFE000850CD /* Debug */,
				CC16BCA12A7A2FFE000850CD /* Release */,
			);
			defaultConfigurationIsVisible = 0;
			defaultConfigurationName = Release;
		};
		CC16BCA22A7A2FFE000850CD /* Build configuration list for PBXNativeTarget "Music app" */ = {
			isa = XCConfigurationList;
			buildConfigurations = (
				CC16BCA32A7A2FFE000850CD /* Debug */,
				CC16BCA42A7A2FFE000850CD /* Release */,
			);
			defaultConfigurationIsVisible = 0;
			defaultConfigurationName = Release;
		};
/* End XCConfigurationList section */

/* Begin XCVersionGroup section */
		CC16BC972A7A2FFD000850CD /* Music_app.xcdatamodeld */ = {
			isa = XCVersionGroup;
			children = (
				CC16BC982A7A2FFD000850CD /* Music_app.xcdatamodel */,
			);
			currentVersion = CC16BC982A7A2FFD000850CD /* Music_app.xcdatamodel */;
			path = Music_app.xcdatamodeld;
			sourceTree = "<group>";
			versionGroupType = wrapper.xcdatamodel;
		};
/* End XCVersionGroup section */
	};
	rootObject = CC16BC832A7A2FFD000850CD /* Project object */;
}
