// !$*UTF8*$!
{
	archiveVersion = 1;
	classes = {
	};
	objectVersion = 56;
	objects = {

/* Begin PBXBuildFile section */
		CC16BC8F2A7A2FFD000850CD /* AppDelegate.swift in Sources */ = {isa = PBXBuildFile; fileRef = CC16BC8E2A7A2FFD000850CD /* AppDelegate.swift */; };
		CC16BC912A7A2FFD000850CD /* SceneDelegate.swift in Sources */ = {isa = PBXBuildFile; fileRef = CC16BC902A7A2FFD000850CD /* SceneDelegate.swift */; };
		CC16BC992A7A2FFD000850CD /* Music_app.xcdatamodeld in Sources */ = {isa = PBXBuildFile; fileRef = CC16BC972A7A2FFD000850CD /* Music_app.xcdatamodeld */; };
		CC16BC9B2A7A2FFE000850CD /* Assets.xcassets in Resources */ = {isa = PBXBuildFile; fileRef = CC16BC9A2A7A2FFE000850CD /* Assets.xcassets */; };
		CC16BC9E2A7A2FFE000850CD /* LaunchScreen.storyboard in Resources */ = {isa = PBXBuildFile; fileRef = CC16BC9C2A7A2FFE000850CD /* LaunchScreen.storyboard */; };
		CC16BCA62A7A3E27000850CD /* APIService.swift in Sources */ = {isa = PBXBuildFile; fileRef = CC16BCA52A7A3E27000850CD /* APIService.swift */; };
		CC16BCCC2A7C0E49000850CD /* LoginViewController.swift in Sources */ = {isa = PBXBuildFile; fileRef = CC16BCCB2A7C0E49000850CD /* LoginViewController.swift */; };
		CC351E852A7D39BB003EF23D /* CoordinatorProtocol.swift in Sources */ = {isa = PBXBuildFile; fileRef = CC351E842A7D39BB003EF23D /* CoordinatorProtocol.swift */; };
		CC351E872A7D3A30003EF23D /* MainCoordinator.swift in Sources */ = {isa = PBXBuildFile; fileRef = CC351E862A7D3A30003EF23D /* MainCoordinator.swift */; };
		CC351E892A7D3AED003EF23D /* LoginViewModel.swift in Sources */ = {isa = PBXBuildFile; fileRef = CC351E882A7D3AED003EF23D /* LoginViewModel.swift */; };
		CC351E8B2A7D3B02003EF23D /* LoginViewModelProtocol.swift in Sources */ = {isa = PBXBuildFile; fileRef = CC351E8A2A7D3B02003EF23D /* LoginViewModelProtocol.swift */; };
		CC351E8D2A7D3B74003EF23D /* AppConstants.swift in Sources */ = {isa = PBXBuildFile; fileRef = CC351E8C2A7D3B74003EF23D /* AppConstants.swift */; };
		CC351E8F2A7D3C58003EF23D /* TabbarCoordinator.swift in Sources */ = {isa = PBXBuildFile; fileRef = CC351E8E2A7D3C58003EF23D /* TabbarCoordinator.swift */; };
		CC351E922A7D3CD3003EF23D /* LoginCoordinator.swift in Sources */ = {isa = PBXBuildFile; fileRef = CC351E912A7D3CD3003EF23D /* LoginCoordinator.swift */; };
		CC351E982A7D437B003EF23D /* LoginManager.swift in Sources */ = {isa = PBXBuildFile; fileRef = CC351E972A7D437B003EF23D /* LoginManager.swift */; };
		CC351E9A2A7D43F2003EF23D /* NetworkConstants.swift in Sources */ = {isa = PBXBuildFile; fileRef = CC351E992A7D43F2003EF23D /* NetworkConstants.swift */; };
		CC351E9D2A7D4565003EF23D /* KeychainManager.swift in Sources */ = {isa = PBXBuildFile; fileRef = CC351E9C2A7D4565003EF23D /* KeychainManager.swift */; };
		CC351EA22A7E7D0A003EF23D /* MainPageViewController.swift in Sources */ = {isa = PBXBuildFile; fileRef = CC351EA12A7E7D0A003EF23D /* MainPageViewController.swift */; };
		CC351EA42A7E7D12003EF23D /* MainPage.storyboard in Resources */ = {isa = PBXBuildFile; fileRef = CC351EA32A7E7D12003EF23D /* MainPage.storyboard */; };
		CC351EA72A7E7D82003EF23D /* MainPageCoordinator.swift in Sources */ = {isa = PBXBuildFile; fileRef = CC351EA62A7E7D82003EF23D /* MainPageCoordinator.swift */; };
		CC351ED82A7E952E003EF23D /* TabBarController.swift in Sources */ = {isa = PBXBuildFile; fileRef = CC351ED72A7E952E003EF23D /* TabBarController.swift */; };
		CC351F162A7FA782003EF23D /* HeaderTableViewCell.swift in Sources */ = {isa = PBXBuildFile; fileRef = CC351F142A7FA782003EF23D /* HeaderTableViewCell.swift */; };
		CC351F172A7FA782003EF23D /* HeaderTableViewCell.xib in Resources */ = {isa = PBXBuildFile; fileRef = CC351F152A7FA782003EF23D /* HeaderTableViewCell.xib */; };
		CC351F1B2A7FBB07003EF23D /* TopPlaylistTableViewCell.swift in Sources */ = {isa = PBXBuildFile; fileRef = CC351F192A7FBB07003EF23D /* TopPlaylistTableViewCell.swift */; };
		CC351F1C2A7FBB07003EF23D /* TopPlaylistTableViewCell.xib in Resources */ = {isa = PBXBuildFile; fileRef = CC351F1A2A7FBB07003EF23D /* TopPlaylistTableViewCell.xib */; };
		CC351F242A7FBBF9003EF23D /* TopPlaylistCollectionViewCell.swift in Sources */ = {isa = PBXBuildFile; fileRef = CC351F222A7FBBF9003EF23D /* TopPlaylistCollectionViewCell.swift */; };
		CC351F252A7FBBF9003EF23D /* TopPlaylistCollectionViewCell.xib in Resources */ = {isa = PBXBuildFile; fileRef = CC351F232A7FBBF9003EF23D /* TopPlaylistCollectionViewCell.xib */; };
		CC351F272A7FD51E003EF23D /* MainPageViewModel.swift in Sources */ = {isa = PBXBuildFile; fileRef = CC351F262A7FD51E003EF23D /* MainPageViewModel.swift */; };
		CC3F07302A8BB2E20018BF5B /* Login.storyboard in Resources */ = {isa = PBXBuildFile; fileRef = CC3F072F2A8BB2E20018BF5B /* Login.storyboard */; };
		CC3F07352A8BB47C0018BF5B /* UserDetailsViewController.swift in Sources */ = {isa = PBXBuildFile; fileRef = CC3F07342A8BB47C0018BF5B /* UserDetailsViewController.swift */; };
		CC3F07372A8BB4A20018BF5B /* UserDetails.storyboard in Resources */ = {isa = PBXBuildFile; fileRef = CC3F07362A8BB4A20018BF5B /* UserDetails.storyboard */; };
		CC3F073B2A8BB7360018BF5B /* UserDetailsViewModel.swift in Sources */ = {isa = PBXBuildFile; fileRef = CC3F073A2A8BB7360018BF5B /* UserDetailsViewModel.swift */; };
		CC68C0252A80D6D7001016F0 /* UserProfile.swift in Sources */ = {isa = PBXBuildFile; fileRef = CC68C0242A80D6D7001016F0 /* UserProfile.swift */; };
		CC68C02A2A821756001016F0 /* UserProfile.storyboard in Resources */ = {isa = PBXBuildFile; fileRef = CC68C0292A821756001016F0 /* UserProfile.storyboard */; };
		CC68C02C2A821770001016F0 /* UserProfileViewController.swift in Sources */ = {isa = PBXBuildFile; fileRef = CC68C02B2A821770001016F0 /* UserProfileViewController.swift */; };
		CC68C0392A8239E9001016F0 /* StoryboardEnum.swift in Sources */ = {isa = PBXBuildFile; fileRef = CC68C0382A8239E9001016F0 /* StoryboardEnum.swift */; };
		CC68C03B2A823D44001016F0 /* StoryboardedProtocol.swift in Sources */ = {isa = PBXBuildFile; fileRef = CC68C03A2A823D44001016F0 /* StoryboardedProtocol.swift */; };
		CC68C03D2A823F4E001016F0 /* SearchPage.storyboard in Resources */ = {isa = PBXBuildFile; fileRef = CC68C03C2A823F4E001016F0 /* SearchPage.storyboard */; };
		CC68C03F2A823F59001016F0 /* SearchPageViewController.swift in Sources */ = {isa = PBXBuildFile; fileRef = CC68C03E2A823F59001016F0 /* SearchPageViewController.swift */; };
		CC68C0412A823F90001016F0 /* SearchPageCoordinator.swift in Sources */ = {isa = PBXBuildFile; fileRef = CC68C0402A823F90001016F0 /* SearchPageCoordinator.swift */; };
		CC68C0432A824012001016F0 /* SearchPageViewModel.swift in Sources */ = {isa = PBXBuildFile; fileRef = CC68C0422A824012001016F0 /* SearchPageViewModel.swift */; };
		CC68C0462A824185001016F0 /* UserProfileViewModel.swift in Sources */ = {isa = PBXBuildFile; fileRef = CC68C0452A824185001016F0 /* UserProfileViewModel.swift */; };
		CC68C04C2A825B44001016F0 /* MyMediaPage.storyboard in Resources */ = {isa = PBXBuildFile; fileRef = CC68C04B2A825B44001016F0 /* MyMediaPage.storyboard */; };
		CC68C04E2A825B50001016F0 /* MyMediaPageViewController.swift in Sources */ = {isa = PBXBuildFile; fileRef = CC68C04D2A825B50001016F0 /* MyMediaPageViewController.swift */; };
		CC68C0502A825B9E001016F0 /* MyMediaPageViewModel.swift in Sources */ = {isa = PBXBuildFile; fileRef = CC68C04F2A825B9E001016F0 /* MyMediaPageViewModel.swift */; };
		CC68C0532A825C1A001016F0 /* MyMediaPageCoordinator.swift in Sources */ = {isa = PBXBuildFile; fileRef = CC68C0522A825C1A001016F0 /* MyMediaPageCoordinator.swift */; };
		CC68C0552A826586001016F0 /* QuizPage.storyboard in Resources */ = {isa = PBXBuildFile; fileRef = CC68C0542A826586001016F0 /* QuizPage.storyboard */; };
		CC68C0572A82658F001016F0 /* QuizPageViewController.swift in Sources */ = {isa = PBXBuildFile; fileRef = CC68C0562A82658F001016F0 /* QuizPageViewController.swift */; };
		CC68C0592A8265F6001016F0 /* QuizPageViewModel.swift in Sources */ = {isa = PBXBuildFile; fileRef = CC68C0582A8265F6001016F0 /* QuizPageViewModel.swift */; };
		CC68C05C2A826626001016F0 /* QuizPageCoordinator.swift in Sources */ = {isa = PBXBuildFile; fileRef = CC68C05B2A826626001016F0 /* QuizPageCoordinator.swift */; };
		CC68C08F2A854EB8001016F0 /* NewReleases.swift in Sources */ = {isa = PBXBuildFile; fileRef = CC68C08E2A854EB8001016F0 /* NewReleases.swift */; };
		CC68C0922A855D61001016F0 /* ImageModel.swift in Sources */ = {isa = PBXBuildFile; fileRef = CC68C0912A855D61001016F0 /* ImageModel.swift */; };
		CC68C0952A8A79FE001016F0 /* SDWebImage in Frameworks */ = {isa = PBXBuildFile; productRef = CC68C0942A8A79FE001016F0 /* SDWebImage */; };
		CC7C61632A8CB33E009DCB9E /* SearchModelTemp.swift in Sources */ = {isa = PBXBuildFile; fileRef = CC7C61622A8CB33E009DCB9E /* SearchModelTemp.swift */; };
		CC7C61682A8E6742009DCB9E /* ItemDetailViewController.swift in Sources */ = {isa = PBXBuildFile; fileRef = CC7C61672A8E6742009DCB9E /* ItemDetailViewController.swift */; };
		CC7C616A2A8E6752009DCB9E /* ItemDetail.storyboard in Resources */ = {isa = PBXBuildFile; fileRef = CC7C61692A8E6752009DCB9E /* ItemDetail.storyboard */; };
		CC7C616C2A8F3AC1009DCB9E /* ItemDetailViewModel.swift in Sources */ = {isa = PBXBuildFile; fileRef = CC7C616B2A8F3AC1009DCB9E /* ItemDetailViewModel.swift */; };
		CC7C616E2A8F4184009DCB9E /* AlbumModel.swift in Sources */ = {isa = PBXBuildFile; fileRef = CC7C616D2A8F4184009DCB9E /* AlbumModel.swift */; };
		CC7C617A2A8F6C4B009DCB9E /* Followers.swift in Sources */ = {isa = PBXBuildFile; fileRef = CC7C61792A8F6C4B009DCB9E /* Followers.swift */; };
		CC7C617C2A8F8C4D009DCB9E /* FeaturedPlaylists.swift in Sources */ = {isa = PBXBuildFile; fileRef = CC7C617B2A8F8C4D009DCB9E /* FeaturedPlaylists.swift */; };
		CC7C617F2A8F9AD3009DCB9E /* UIImage+AverageColor.swift in Sources */ = {isa = PBXBuildFile; fileRef = CC7C617E2A8F9AD3009DCB9E /* UIImage+AverageColor.swift */; };
		CC7C61812A8FA109009DCB9E /* ToplistPlaylistModel.swift in Sources */ = {isa = PBXBuildFile; fileRef = CC7C61802A8FA109009DCB9E /* ToplistPlaylistModel.swift */; };
		CC7C61832A8FB678009DCB9E /* PlaylistModel.swift in Sources */ = {isa = PBXBuildFile; fileRef = CC7C61822A8FB678009DCB9E /* PlaylistModel.swift */; };
		CC7C61872A8FC54F009DCB9E /* ItemDetailTableViewCell.swift in Sources */ = {isa = PBXBuildFile; fileRef = CC7C61852A8FC54F009DCB9E /* ItemDetailTableViewCell.swift */; };
		CC7C61882A8FC54F009DCB9E /* ItemDetailTableViewCell.xib in Resources */ = {isa = PBXBuildFile; fileRef = CC7C61862A8FC54F009DCB9E /* ItemDetailTableViewCell.xib */; };
		CC7C618A2A91FB79009DCB9E /* SearchModel.swift in Sources */ = {isa = PBXBuildFile; fileRef = CC7C61892A91FB79009DCB9E /* SearchModel.swift */; };
		CC7C618C2A920A0D009DCB9E /* AlbumType.swift in Sources */ = {isa = PBXBuildFile; fileRef = CC7C618B2A920A0D009DCB9E /* AlbumType.swift */; };
		CC7C61902A939450009DCB9E /* PlaylistsTableViewCell.swift in Sources */ = {isa = PBXBuildFile; fileRef = CC7C618E2A939450009DCB9E /* PlaylistsTableViewCell.swift */; };
		CC7C61912A939450009DCB9E /* PlaylistsTableViewCell.xib in Resources */ = {isa = PBXBuildFile; fileRef = CC7C618F2A939450009DCB9E /* PlaylistsTableViewCell.xib */; };
		CC7C61992A93A3B6009DCB9E /* PlaylistsCollectionViewCell.swift in Sources */ = {isa = PBXBuildFile; fileRef = CC7C61972A93A3B6009DCB9E /* PlaylistsCollectionViewCell.swift */; };
		CC7C619A2A93A3B6009DCB9E /* PlaylistsCollectionViewCell.xib in Resources */ = {isa = PBXBuildFile; fileRef = CC7C61982A93A3B6009DCB9E /* PlaylistsCollectionViewCell.xib */; };
		CC7C61A32A963ECE009DCB9E /* PlayerView.swift in Sources */ = {isa = PBXBuildFile; fileRef = CC7C61A22A963ECE009DCB9E /* PlayerView.swift */; };
		CC7C61AF2A9640BC009DCB9E /* PlayerView.xib in Resources */ = {isa = PBXBuildFile; fileRef = CC7C61AE2A9640BC009DCB9E /* PlayerView.xib */; };
		CC7C61B12A978F20009DCB9E /* PlayerViewOld.swift in Sources */ = {isa = PBXBuildFile; fileRef = CC7C61B02A978F20009DCB9E /* PlayerViewOld.swift */; };
		D5B4A4EAD928BFB74195390F /* libPods-Music app.a in Frameworks */ = {isa = PBXBuildFile; fileRef = 03C5652567028BF0EE070A3B /* libPods-Music app.a */; };
/* End PBXBuildFile section */

/* Begin PBXFileReference section */
		03C5652567028BF0EE070A3B /* libPods-Music app.a */ = {isa = PBXFileReference; explicitFileType = archive.ar; includeInIndex = 0; path = "libPods-Music app.a"; sourceTree = BUILT_PRODUCTS_DIR; };
		2280ABF89DE0A6DE50FA10BA /* Pods-Music app.debug.xcconfig */ = {isa = PBXFileReference; includeInIndex = 1; lastKnownFileType = text.xcconfig; name = "Pods-Music app.debug.xcconfig"; path = "Target Support Files/Pods-Music app/Pods-Music app.debug.xcconfig"; sourceTree = "<group>"; };
		BB57875C3D08EC7B7A0598B8 /* Pods-Music app.release.xcconfig */ = {isa = PBXFileReference; includeInIndex = 1; lastKnownFileType = text.xcconfig; name = "Pods-Music app.release.xcconfig"; path = "Target Support Files/Pods-Music app/Pods-Music app.release.xcconfig"; sourceTree = "<group>"; };
		CC16BC8B2A7A2FFD000850CD /* Music app.app */ = {isa = PBXFileReference; explicitFileType = wrapper.application; includeInIndex = 0; path = "Music app.app"; sourceTree = BUILT_PRODUCTS_DIR; };
		CC16BC8E2A7A2FFD000850CD /* AppDelegate.swift */ = {isa = PBXFileReference; lastKnownFileType = sourcecode.swift; path = AppDelegate.swift; sourceTree = "<group>"; };
		CC16BC902A7A2FFD000850CD /* SceneDelegate.swift */ = {isa = PBXFileReference; lastKnownFileType = sourcecode.swift; path = SceneDelegate.swift; sourceTree = "<group>"; };
		CC16BC982A7A2FFD000850CD /* Music_app.xcdatamodel */ = {isa = PBXFileReference; lastKnownFileType = wrapper.xcdatamodel; path = Music_app.xcdatamodel; sourceTree = "<group>"; };
		CC16BC9A2A7A2FFE000850CD /* Assets.xcassets */ = {isa = PBXFileReference; lastKnownFileType = folder.assetcatalog; path = Assets.xcassets; sourceTree = "<group>"; };
		CC16BC9D2A7A2FFE000850CD /* Base */ = {isa = PBXFileReference; lastKnownFileType = file.storyboard; name = Base; path = Base.lproj/LaunchScreen.storyboard; sourceTree = "<group>"; };
		CC16BC9F2A7A2FFE000850CD /* Info.plist */ = {isa = PBXFileReference; lastKnownFileType = text.plist.xml; path = Info.plist; sourceTree = "<group>"; };
		CC16BCA52A7A3E27000850CD /* APIService.swift */ = {isa = PBXFileReference; lastKnownFileType = sourcecode.swift; path = APIService.swift; sourceTree = "<group>"; };
		CC16BCCB2A7C0E49000850CD /* LoginViewController.swift */ = {isa = PBXFileReference; lastKnownFileType = sourcecode.swift; path = LoginViewController.swift; sourceTree = "<group>"; };
		CC351E842A7D39BB003EF23D /* CoordinatorProtocol.swift */ = {isa = PBXFileReference; lastKnownFileType = sourcecode.swift; path = CoordinatorProtocol.swift; sourceTree = "<group>"; };
		CC351E862A7D3A30003EF23D /* MainCoordinator.swift */ = {isa = PBXFileReference; lastKnownFileType = sourcecode.swift; path = MainCoordinator.swift; sourceTree = "<group>"; };
		CC351E882A7D3AED003EF23D /* LoginViewModel.swift */ = {isa = PBXFileReference; lastKnownFileType = sourcecode.swift; path = LoginViewModel.swift; sourceTree = "<group>"; };
		CC351E8A2A7D3B02003EF23D /* LoginViewModelProtocol.swift */ = {isa = PBXFileReference; lastKnownFileType = sourcecode.swift; path = LoginViewModelProtocol.swift; sourceTree = "<group>"; };
		CC351E8C2A7D3B74003EF23D /* AppConstants.swift */ = {isa = PBXFileReference; lastKnownFileType = sourcecode.swift; path = AppConstants.swift; sourceTree = "<group>"; };
		CC351E8E2A7D3C58003EF23D /* TabbarCoordinator.swift */ = {isa = PBXFileReference; lastKnownFileType = sourcecode.swift; path = TabbarCoordinator.swift; sourceTree = "<group>"; };
		CC351E912A7D3CD3003EF23D /* LoginCoordinator.swift */ = {isa = PBXFileReference; lastKnownFileType = sourcecode.swift; path = LoginCoordinator.swift; sourceTree = "<group>"; };
		CC351E972A7D437B003EF23D /* LoginManager.swift */ = {isa = PBXFileReference; lastKnownFileType = sourcecode.swift; path = LoginManager.swift; sourceTree = "<group>"; };
		CC351E992A7D43F2003EF23D /* NetworkConstants.swift */ = {isa = PBXFileReference; lastKnownFileType = sourcecode.swift; path = NetworkConstants.swift; sourceTree = "<group>"; };
		CC351E9C2A7D4565003EF23D /* KeychainManager.swift */ = {isa = PBXFileReference; lastKnownFileType = sourcecode.swift; path = KeychainManager.swift; sourceTree = "<group>"; };
		CC351EA12A7E7D0A003EF23D /* MainPageViewController.swift */ = {isa = PBXFileReference; lastKnownFileType = sourcecode.swift; path = MainPageViewController.swift; sourceTree = "<group>"; };
		CC351EA32A7E7D12003EF23D /* MainPage.storyboard */ = {isa = PBXFileReference; lastKnownFileType = file.storyboard; path = MainPage.storyboard; sourceTree = "<group>"; };
		CC351EA62A7E7D82003EF23D /* MainPageCoordinator.swift */ = {isa = PBXFileReference; lastKnownFileType = sourcecode.swift; path = MainPageCoordinator.swift; sourceTree = "<group>"; };
		CC351ED72A7E952E003EF23D /* TabBarController.swift */ = {isa = PBXFileReference; lastKnownFileType = sourcecode.swift; path = TabBarController.swift; sourceTree = "<group>"; };
		CC351F142A7FA782003EF23D /* HeaderTableViewCell.swift */ = {isa = PBXFileReference; lastKnownFileType = sourcecode.swift; path = HeaderTableViewCell.swift; sourceTree = "<group>"; };
		CC351F152A7FA782003EF23D /* HeaderTableViewCell.xib */ = {isa = PBXFileReference; lastKnownFileType = file.xib; path = HeaderTableViewCell.xib; sourceTree = "<group>"; };
		CC351F192A7FBB07003EF23D /* TopPlaylistTableViewCell.swift */ = {isa = PBXFileReference; lastKnownFileType = sourcecode.swift; path = TopPlaylistTableViewCell.swift; sourceTree = "<group>"; };
		CC351F1A2A7FBB07003EF23D /* TopPlaylistTableViewCell.xib */ = {isa = PBXFileReference; lastKnownFileType = file.xib; path = TopPlaylistTableViewCell.xib; sourceTree = "<group>"; };
		CC351F222A7FBBF9003EF23D /* TopPlaylistCollectionViewCell.swift */ = {isa = PBXFileReference; lastKnownFileType = sourcecode.swift; path = TopPlaylistCollectionViewCell.swift; sourceTree = "<group>"; };
		CC351F232A7FBBF9003EF23D /* TopPlaylistCollectionViewCell.xib */ = {isa = PBXFileReference; lastKnownFileType = file.xib; path = TopPlaylistCollectionViewCell.xib; sourceTree = "<group>"; };
		CC351F262A7FD51E003EF23D /* MainPageViewModel.swift */ = {isa = PBXFileReference; lastKnownFileType = sourcecode.swift; path = MainPageViewModel.swift; sourceTree = "<group>"; };
		CC3F072F2A8BB2E20018BF5B /* Login.storyboard */ = {isa = PBXFileReference; lastKnownFileType = file.storyboard; path = Login.storyboard; sourceTree = "<group>"; };
		CC3F07342A8BB47C0018BF5B /* UserDetailsViewController.swift */ = {isa = PBXFileReference; lastKnownFileType = sourcecode.swift; path = UserDetailsViewController.swift; sourceTree = "<group>"; };
		CC3F07362A8BB4A20018BF5B /* UserDetails.storyboard */ = {isa = PBXFileReference; lastKnownFileType = file.storyboard; path = UserDetails.storyboard; sourceTree = "<group>"; };
		CC3F073A2A8BB7360018BF5B /* UserDetailsViewModel.swift */ = {isa = PBXFileReference; lastKnownFileType = sourcecode.swift; path = UserDetailsViewModel.swift; sourceTree = "<group>"; };
		CC68C0242A80D6D7001016F0 /* UserProfile.swift */ = {isa = PBXFileReference; lastKnownFileType = sourcecode.swift; path = UserProfile.swift; sourceTree = "<group>"; };
		CC68C0292A821756001016F0 /* UserProfile.storyboard */ = {isa = PBXFileReference; lastKnownFileType = file.storyboard; path = UserProfile.storyboard; sourceTree = "<group>"; };
		CC68C02B2A821770001016F0 /* UserProfileViewController.swift */ = {isa = PBXFileReference; lastKnownFileType = sourcecode.swift; path = UserProfileViewController.swift; sourceTree = "<group>"; };
		CC68C0382A8239E9001016F0 /* StoryboardEnum.swift */ = {isa = PBXFileReference; lastKnownFileType = sourcecode.swift; path = StoryboardEnum.swift; sourceTree = "<group>"; };
		CC68C03A2A823D44001016F0 /* StoryboardedProtocol.swift */ = {isa = PBXFileReference; lastKnownFileType = sourcecode.swift; path = StoryboardedProtocol.swift; sourceTree = "<group>"; };
		CC68C03C2A823F4E001016F0 /* SearchPage.storyboard */ = {isa = PBXFileReference; lastKnownFileType = file.storyboard; path = SearchPage.storyboard; sourceTree = "<group>"; };
		CC68C03E2A823F59001016F0 /* SearchPageViewController.swift */ = {isa = PBXFileReference; lastKnownFileType = sourcecode.swift; path = SearchPageViewController.swift; sourceTree = "<group>"; };
		CC68C0402A823F90001016F0 /* SearchPageCoordinator.swift */ = {isa = PBXFileReference; lastKnownFileType = sourcecode.swift; path = SearchPageCoordinator.swift; sourceTree = "<group>"; };
		CC68C0422A824012001016F0 /* SearchPageViewModel.swift */ = {isa = PBXFileReference; lastKnownFileType = sourcecode.swift; path = SearchPageViewModel.swift; sourceTree = "<group>"; };
		CC68C0452A824185001016F0 /* UserProfileViewModel.swift */ = {isa = PBXFileReference; lastKnownFileType = sourcecode.swift; path = UserProfileViewModel.swift; sourceTree = "<group>"; };
		CC68C04B2A825B44001016F0 /* MyMediaPage.storyboard */ = {isa = PBXFileReference; lastKnownFileType = file.storyboard; path = MyMediaPage.storyboard; sourceTree = "<group>"; };
		CC68C04D2A825B50001016F0 /* MyMediaPageViewController.swift */ = {isa = PBXFileReference; lastKnownFileType = sourcecode.swift; path = MyMediaPageViewController.swift; sourceTree = "<group>"; };
		CC68C04F2A825B9E001016F0 /* MyMediaPageViewModel.swift */ = {isa = PBXFileReference; lastKnownFileType = sourcecode.swift; path = MyMediaPageViewModel.swift; sourceTree = "<group>"; };
		CC68C0522A825C1A001016F0 /* MyMediaPageCoordinator.swift */ = {isa = PBXFileReference; lastKnownFileType = sourcecode.swift; path = MyMediaPageCoordinator.swift; sourceTree = "<group>"; };
		CC68C0542A826586001016F0 /* QuizPage.storyboard */ = {isa = PBXFileReference; lastKnownFileType = file.storyboard; path = QuizPage.storyboard; sourceTree = "<group>"; };
		CC68C0562A82658F001016F0 /* QuizPageViewController.swift */ = {isa = PBXFileReference; lastKnownFileType = sourcecode.swift; path = QuizPageViewController.swift; sourceTree = "<group>"; };
		CC68C0582A8265F6001016F0 /* QuizPageViewModel.swift */ = {isa = PBXFileReference; lastKnownFileType = sourcecode.swift; path = QuizPageViewModel.swift; sourceTree = "<group>"; };
		CC68C05B2A826626001016F0 /* QuizPageCoordinator.swift */ = {isa = PBXFileReference; lastKnownFileType = sourcecode.swift; path = QuizPageCoordinator.swift; sourceTree = "<group>"; };
		CC68C08E2A854EB8001016F0 /* NewReleases.swift */ = {isa = PBXFileReference; lastKnownFileType = sourcecode.swift; path = NewReleases.swift; sourceTree = "<group>"; };
		CC68C0912A855D61001016F0 /* ImageModel.swift */ = {isa = PBXFileReference; lastKnownFileType = sourcecode.swift; path = ImageModel.swift; sourceTree = "<group>"; };
		CC7C61622A8CB33E009DCB9E /* SearchModelTemp.swift */ = {isa = PBXFileReference; lastKnownFileType = sourcecode.swift; path = SearchModelTemp.swift; sourceTree = "<group>"; };
		CC7C61672A8E6742009DCB9E /* ItemDetailViewController.swift */ = {isa = PBXFileReference; lastKnownFileType = sourcecode.swift; path = ItemDetailViewController.swift; sourceTree = "<group>"; };
		CC7C61692A8E6752009DCB9E /* ItemDetail.storyboard */ = {isa = PBXFileReference; lastKnownFileType = file.storyboard; path = ItemDetail.storyboard; sourceTree = "<group>"; };
		CC7C616B2A8F3AC1009DCB9E /* ItemDetailViewModel.swift */ = {isa = PBXFileReference; lastKnownFileType = sourcecode.swift; path = ItemDetailViewModel.swift; sourceTree = "<group>"; };
		CC7C616D2A8F4184009DCB9E /* AlbumModel.swift */ = {isa = PBXFileReference; lastKnownFileType = sourcecode.swift; path = AlbumModel.swift; sourceTree = "<group>"; };
		CC7C61792A8F6C4B009DCB9E /* Followers.swift */ = {isa = PBXFileReference; lastKnownFileType = sourcecode.swift; path = Followers.swift; sourceTree = "<group>"; };
		CC7C617B2A8F8C4D009DCB9E /* FeaturedPlaylists.swift */ = {isa = PBXFileReference; lastKnownFileType = sourcecode.swift; path = FeaturedPlaylists.swift; sourceTree = "<group>"; };
		CC7C617E2A8F9AD3009DCB9E /* UIImage+AverageColor.swift */ = {isa = PBXFileReference; lastKnownFileType = sourcecode.swift; path = "UIImage+AverageColor.swift"; sourceTree = "<group>"; };
		CC7C61802A8FA109009DCB9E /* ToplistPlaylistModel.swift */ = {isa = PBXFileReference; lastKnownFileType = sourcecode.swift; path = ToplistPlaylistModel.swift; sourceTree = "<group>"; };
		CC7C61822A8FB678009DCB9E /* PlaylistModel.swift */ = {isa = PBXFileReference; lastKnownFileType = sourcecode.swift; path = PlaylistModel.swift; sourceTree = "<group>"; };
		CC7C61852A8FC54F009DCB9E /* ItemDetailTableViewCell.swift */ = {isa = PBXFileReference; lastKnownFileType = sourcecode.swift; path = ItemDetailTableViewCell.swift; sourceTree = "<group>"; };
		CC7C61862A8FC54F009DCB9E /* ItemDetailTableViewCell.xib */ = {isa = PBXFileReference; lastKnownFileType = file.xib; path = ItemDetailTableViewCell.xib; sourceTree = "<group>"; };
		CC7C61892A91FB79009DCB9E /* SearchModel.swift */ = {isa = PBXFileReference; lastKnownFileType = sourcecode.swift; path = SearchModel.swift; sourceTree = "<group>"; };
		CC7C618B2A920A0D009DCB9E /* AlbumType.swift */ = {isa = PBXFileReference; lastKnownFileType = sourcecode.swift; path = AlbumType.swift; sourceTree = "<group>"; };
		CC7C618E2A939450009DCB9E /* PlaylistsTableViewCell.swift */ = {isa = PBXFileReference; lastKnownFileType = sourcecode.swift; path = PlaylistsTableViewCell.swift; sourceTree = "<group>"; };
		CC7C618F2A939450009DCB9E /* PlaylistsTableViewCell.xib */ = {isa = PBXFileReference; lastKnownFileType = file.xib; path = PlaylistsTableViewCell.xib; sourceTree = "<group>"; };
		CC7C61972A93A3B6009DCB9E /* PlaylistsCollectionViewCell.swift */ = {isa = PBXFileReference; lastKnownFileType = sourcecode.swift; path = PlaylistsCollectionViewCell.swift; sourceTree = "<group>"; };
		CC7C61982A93A3B6009DCB9E /* PlaylistsCollectionViewCell.xib */ = {isa = PBXFileReference; lastKnownFileType = file.xib; path = PlaylistsCollectionViewCell.xib; sourceTree = "<group>"; };
		CC7C61A22A963ECE009DCB9E /* PlayerView.swift */ = {isa = PBXFileReference; lastKnownFileType = sourcecode.swift; path = PlayerView.swift; sourceTree = "<group>"; };
		CC7C61AE2A9640BC009DCB9E /* PlayerView.xib */ = {isa = PBXFileReference; lastKnownFileType = file.xib; path = PlayerView.xib; sourceTree = "<group>"; };
		CC7C61B02A978F20009DCB9E /* PlayerViewOld.swift */ = {isa = PBXFileReference; lastKnownFileType = sourcecode.swift; path = PlayerViewOld.swift; sourceTree = "<group>"; };
/* End PBXFileReference section */

/* Begin PBXFrameworksBuildPhase section */
		CC16BC882A7A2FFD000850CD /* Frameworks */ = {
			isa = PBXFrameworksBuildPhase;
			buildActionMask = 2147483647;
			files = (
				CC68C0952A8A79FE001016F0 /* SDWebImage in Frameworks */,
				D5B4A4EAD928BFB74195390F /* libPods-Music app.a in Frameworks */,
			);
			runOnlyForDeploymentPostprocessing = 0;
		};
/* End PBXFrameworksBuildPhase section */

/* Begin PBXGroup section */
		AB64303CD3C691F8CA7DE0B4 /* Pods */ = {
			isa = PBXGroup;
			children = (
				2280ABF89DE0A6DE50FA10BA /* Pods-Music app.debug.xcconfig */,
				BB57875C3D08EC7B7A0598B8 /* Pods-Music app.release.xcconfig */,
			);
			path = Pods;
			sourceTree = "<group>";
		};
		B771B040A6181E60B339D5FE /* Frameworks */ = {
			isa = PBXGroup;
			children = (
				03C5652567028BF0EE070A3B /* libPods-Music app.a */,
			);
			name = Frameworks;
			sourceTree = "<group>";
		};
		CC16BC822A7A2FFD000850CD = {
			isa = PBXGroup;
			children = (
				CC16BC8D2A7A2FFD000850CD /* Music app */,
				CC16BC8C2A7A2FFD000850CD /* Products */,
				AB64303CD3C691F8CA7DE0B4 /* Pods */,
				B771B040A6181E60B339D5FE /* Frameworks */,
			);
			sourceTree = "<group>";
		};
		CC16BC8C2A7A2FFD000850CD /* Products */ = {
			isa = PBXGroup;
			children = (
				CC16BC8B2A7A2FFD000850CD /* Music app.app */,
			);
			name = Products;
			sourceTree = "<group>";
		};
		CC16BC8D2A7A2FFD000850CD /* Music app */ = {
			isa = PBXGroup;
			children = (
				CC68C07D2A83D55A001016F0 /* Classes */,
				CC68C07E2A83D565001016F0 /* Resources */,
				CC68C0372A8239D0001016F0 /* Extension */,
				CC351E8C2A7D3B74003EF23D /* AppConstants.swift */,
			);
			path = "Music app";
			sourceTree = "<group>";
		};
		CC16BCC82A7C0DA9000850CD /* View */ = {
			isa = PBXGroup;
			children = (
				CC16BCCB2A7C0E49000850CD /* LoginViewController.swift */,
			);
			path = View;
			sourceTree = "<group>";
		};
		CC16BCC92A7C0DBC000850CD /* ViewModel */ = {
			isa = PBXGroup;
			children = (
				CC351E882A7D3AED003EF23D /* LoginViewModel.swift */,
				CC351E8A2A7D3B02003EF23D /* LoginViewModelProtocol.swift */,
			);
			path = ViewModel;
			sourceTree = "<group>";
		};
		CC351E832A7D39AA003EF23D /* Protocol */ = {
			isa = PBXGroup;
			children = (
				CC351E842A7D39BB003EF23D /* CoordinatorProtocol.swift */,
			);
			path = Protocol;
			sourceTree = "<group>";
		};
		CC351E9F2A7E7CF2003EF23D /* View */ = {
			isa = PBXGroup;
			children = (
				CC351EA12A7E7D0A003EF23D /* MainPageViewController.swift */,
			);
			path = View;
			sourceTree = "<group>";
		};
		CC351EA02A7E7CF8003EF23D /* ViewModel */ = {
			isa = PBXGroup;
			children = (
				CC351F262A7FD51E003EF23D /* MainPageViewModel.swift */,
			);
			path = ViewModel;
			sourceTree = "<group>";
		};
		CC351ED92A7F7112003EF23D /* SettingsModule */ = {
			isa = PBXGroup;
			children = (
				CC3F07312A8BB44A0018BF5B /* UserDetails */,
				CC68C0442A824172001016F0 /* ViewModel */,
				CC68C0282A821735001016F0 /* View */,
			);
			path = SettingsModule;
			sourceTree = "<group>";
		};
		CC351F132A7FA75A003EF23D /* HeaderTableViewCell */ = {
			isa = PBXGroup;
			children = (
				CC351F142A7FA782003EF23D /* HeaderTableViewCell.swift */,
			);
			path = HeaderTableViewCell;
			sourceTree = "<group>";
		};
		CC351F182A7FBAEA003EF23D /* SuggestedPlaylistViewCell */ = {
			isa = PBXGroup;
			children = (
				CC351F1D2A7FBBC0003EF23D /* CollectionViewCell */,
				CC351F192A7FBB07003EF23D /* TopPlaylistTableViewCell.swift */,
			);
			path = SuggestedPlaylistViewCell;
			sourceTree = "<group>";
		};
		CC351F1D2A7FBBC0003EF23D /* CollectionViewCell */ = {
			isa = PBXGroup;
			children = (
				CC351F222A7FBBF9003EF23D /* TopPlaylistCollectionViewCell.swift */,
			);
			path = CollectionViewCell;
			sourceTree = "<group>";
		};
		CC3F072C2A8BAB3B0018BF5B /* Search */ = {
			isa = PBXGroup;
			children = (
				CC68C0352A82398F001016F0 /* ViewModel */,
				CC68C0342A82398A001016F0 /* View */,
			);
			path = Search;
			sourceTree = "<group>";
		};
		CC3F072D2A8BAB4B0018BF5B /* Media */ = {
			isa = PBXGroup;
			children = (
				CC68C0482A825B0A001016F0 /* ViewModel */,
				CC68C0472A825AFE001016F0 /* View */,
			);
			path = Media;
			sourceTree = "<group>";
		};
		CC3F072E2A8BAB610018BF5B /* Game */ = {
			isa = PBXGroup;
			children = (
				CC68C04A2A825B18001016F0 /* ViewModel */,
				CC68C0492A825B12001016F0 /* View */,
			);
			path = Game;
			sourceTree = "<group>";
		};
		CC3F07312A8BB44A0018BF5B /* UserDetails */ = {
			isa = PBXGroup;
			children = (
				CC3F07392A8BB7270018BF5B /* ViewModel */,
				CC3F07382A8BB71E0018BF5B /* View */,
			);
			path = UserDetails;
			sourceTree = "<group>";
		};
		CC3F07382A8BB71E0018BF5B /* View */ = {
			isa = PBXGroup;
			children = (
				CC3F07342A8BB47C0018BF5B /* UserDetailsViewController.swift */,
			);
			path = View;
			sourceTree = "<group>";
		};
		CC3F07392A8BB7270018BF5B /* ViewModel */ = {
			isa = PBXGroup;
			children = (
				CC3F073A2A8BB7360018BF5B /* UserDetailsViewModel.swift */,
			);
			path = ViewModel;
			sourceTree = "<group>";
		};
		CC68C0282A821735001016F0 /* View */ = {
			isa = PBXGroup;
			children = (
				CC68C02B2A821770001016F0 /* UserProfileViewController.swift */,
			);
			path = View;
			sourceTree = "<group>";
		};
		CC68C0342A82398A001016F0 /* View */ = {
			isa = PBXGroup;
			children = (
				CC68C03E2A823F59001016F0 /* SearchPageViewController.swift */,
			);
			path = View;
			sourceTree = "<group>";
		};
		CC68C0352A82398F001016F0 /* ViewModel */ = {
			isa = PBXGroup;
			children = (
				CC68C0422A824012001016F0 /* SearchPageViewModel.swift */,
			);
			path = ViewModel;
			sourceTree = "<group>";
		};
		CC68C0372A8239D0001016F0 /* Extension */ = {
			isa = PBXGroup;
			children = (
				CC68C0382A8239E9001016F0 /* StoryboardEnum.swift */,
				CC68C03A2A823D44001016F0 /* StoryboardedProtocol.swift */,
			);
			path = Extension;
			sourceTree = "<group>";
		};
		CC68C0442A824172001016F0 /* ViewModel */ = {
			isa = PBXGroup;
			children = (
				CC68C0452A824185001016F0 /* UserProfileViewModel.swift */,
			);
			path = ViewModel;
			sourceTree = "<group>";
		};
		CC68C0472A825AFE001016F0 /* View */ = {
			isa = PBXGroup;
			children = (
				CC68C04D2A825B50001016F0 /* MyMediaPageViewController.swift */,
			);
			path = View;
			sourceTree = "<group>";
		};
		CC68C0482A825B0A001016F0 /* ViewModel */ = {
			isa = PBXGroup;
			children = (
				CC68C04F2A825B9E001016F0 /* MyMediaPageViewModel.swift */,
			);
			path = ViewModel;
			sourceTree = "<group>";
		};
		CC68C0492A825B12001016F0 /* View */ = {
			isa = PBXGroup;
			children = (
				CC68C0562A82658F001016F0 /* QuizPageViewController.swift */,
			);
			path = View;
			sourceTree = "<group>";
		};
		CC68C04A2A825B18001016F0 /* ViewModel */ = {
			isa = PBXGroup;
			children = (
				CC68C0582A8265F6001016F0 /* QuizPageViewModel.swift */,
			);
			path = ViewModel;
			sourceTree = "<group>";
		};
		CC68C07D2A83D55A001016F0 /* Classes */ = {
			isa = PBXGroup;
			children = (
				CC68C0832A83D654001016F0 /* ModelLayer */,
				CC68C0822A83D648001016F0 /* PresentationLayer */,
			);
			path = Classes;
			sourceTree = "<group>";
		};
		CC68C07E2A83D565001016F0 /* Resources */ = {
			isa = PBXGroup;
			children = (
				CC68C07F2A83D581001016F0 /* Assets */,
				CC68C0802A83D5B4001016F0 /* Storyboards */,
				CC68C0812A83D62C001016F0 /* Localization */,
				CC16BC9C2A7A2FFE000850CD /* LaunchScreen.storyboard */,
				CC16BC9F2A7A2FFE000850CD /* Info.plist */,
			);
			path = Resources;
			sourceTree = "<group>";
		};
		CC68C07F2A83D581001016F0 /* Assets */ = {
			isa = PBXGroup;
			children = (
				CC16BC9A2A7A2FFE000850CD /* Assets.xcassets */,
			);
			path = Assets;
			sourceTree = "<group>";
		};
		CC68C0802A83D5B4001016F0 /* Storyboards */ = {
			isa = PBXGroup;
			children = (
				CC3F072F2A8BB2E20018BF5B /* Login.storyboard */,
				CC68C03C2A823F4E001016F0 /* SearchPage.storyboard */,
				CC68C04B2A825B44001016F0 /* MyMediaPage.storyboard */,
				CC68C0542A826586001016F0 /* QuizPage.storyboard */,
				CC351EA32A7E7D12003EF23D /* MainPage.storyboard */,
				CC351F152A7FA782003EF23D /* HeaderTableViewCell.xib */,
				CC351F1A2A7FBB07003EF23D /* TopPlaylistTableViewCell.xib */,
				CC351F232A7FBBF9003EF23D /* TopPlaylistCollectionViewCell.xib */,
				CC68C0292A821756001016F0 /* UserProfile.storyboard */,
				CC3F07362A8BB4A20018BF5B /* UserDetails.storyboard */,
			);
			path = Storyboards;
			sourceTree = "<group>";
		};
		CC68C0812A83D62C001016F0 /* Localization */ = {
			isa = PBXGroup;
			children = (
			);
			path = Localization;
			sourceTree = "<group>";
		};
		CC68C0822A83D648001016F0 /* PresentationLayer */ = {
			isa = PBXGroup;
			children = (
				CC7C617D2A8F9ABC009DCB9E /* Extensions */,
				CC68C08B2A84FB28001016F0 /* Coordinators */,
				CC68C08A2A84FB20001016F0 /* Views */,
				CC68C0892A84FB11001016F0 /* Screens */,
				CC68C0882A84FAFC001016F0 /* ViewControllers */,
				CC16BC8E2A7A2FFD000850CD /* AppDelegate.swift */,
				CC16BC902A7A2FFD000850CD /* SceneDelegate.swift */,
			);
			path = PresentationLayer;
			sourceTree = "<group>";
		};
		CC68C0832A83D654001016F0 /* ModelLayer */ = {
			isa = PBXGroup;
			children = (
				CC68C0842A83D673001016F0 /* Database */,
				CC68C0852A83DA3E001016F0 /* Services */,
				CC68C0862A83DA46001016F0 /* Models */,
				CC68C0872A83DA57001016F0 /* Network */,
			);
			path = ModelLayer;
			sourceTree = "<group>";
		};
		CC68C0842A83D673001016F0 /* Database */ = {
			isa = PBXGroup;
			children = (
				CC16BC972A7A2FFD000850CD /* Music_app.xcdatamodeld */,
			);
			path = Database;
			sourceTree = "<group>";
		};
		CC68C0852A83DA3E001016F0 /* Services */ = {
			isa = PBXGroup;
			children = (
				CC351E9C2A7D4565003EF23D /* KeychainManager.swift */,
			);
			path = Services;
			sourceTree = "<group>";
		};
		CC68C0862A83DA46001016F0 /* Models */ = {
			isa = PBXGroup;
			children = (
				CC68C0242A80D6D7001016F0 /* UserProfile.swift */,
				CC68C08E2A854EB8001016F0 /* NewReleases.swift */,
				CC7C617B2A8F8C4D009DCB9E /* FeaturedPlaylists.swift */,
				CC7C61792A8F6C4B009DCB9E /* Followers.swift */,
				CC68C0912A855D61001016F0 /* ImageModel.swift */,
				CC7C618B2A920A0D009DCB9E /* AlbumType.swift */,
				CC7C61622A8CB33E009DCB9E /* SearchModelTemp.swift */,
				CC7C61892A91FB79009DCB9E /* SearchModel.swift */,
				CC7C616D2A8F4184009DCB9E /* AlbumModel.swift */,
				CC7C61802A8FA109009DCB9E /* ToplistPlaylistModel.swift */,
				CC7C61822A8FB678009DCB9E /* PlaylistModel.swift */,
			);
			path = Models;
			sourceTree = "<group>";
		};
		CC68C0872A83DA57001016F0 /* Network */ = {
			isa = PBXGroup;
			children = (
				CC351E972A7D437B003EF23D /* LoginManager.swift */,
				CC351E992A7D43F2003EF23D /* NetworkConstants.swift */,
				CC16BCA52A7A3E27000850CD /* APIService.swift */,
			);
			path = Network;
			sourceTree = "<group>";
		};
		CC68C0882A84FAFC001016F0 /* ViewControllers */ = {
			isa = PBXGroup;
			children = (
			);
			path = ViewControllers;
			sourceTree = "<group>";
		};
		CC68C0892A84FB11001016F0 /* Screens */ = {
			isa = PBXGroup;
			children = (
				CC3F072E2A8BAB610018BF5B /* Game */,
				CC3F072D2A8BAB4B0018BF5B /* Media */,
				CC3F072C2A8BAB3B0018BF5B /* Search */,
				CC68C08D2A84FB71001016F0 /* Auth */,
				CC68C08C2A84FB69001016F0 /* Main */,
			);
			path = Screens;
			sourceTree = "<group>";
		};
		CC68C08A2A84FB20001016F0 /* Views */ = {
			isa = PBXGroup;
			children = (
			);
			path = Views;
			sourceTree = "<group>";
		};
		CC68C08B2A84FB28001016F0 /* Coordinators */ = {
			isa = PBXGroup;
			children = (
				CC351E832A7D39AA003EF23D /* Protocol */,
				CC351E862A7D3A30003EF23D /* MainCoordinator.swift */,
				CC68C0402A823F90001016F0 /* SearchPageCoordinator.swift */,
				CC68C0522A825C1A001016F0 /* MyMediaPageCoordinator.swift */,
				CC68C05B2A826626001016F0 /* QuizPageCoordinator.swift */,
				CC351E912A7D3CD3003EF23D /* LoginCoordinator.swift */,
				CC351EA62A7E7D82003EF23D /* MainPageCoordinator.swift */,
				CC351E8E2A7D3C58003EF23D /* TabbarCoordinator.swift */,
			);
			path = Coordinators;
			sourceTree = "<group>";
		};
		CC68C08C2A84FB69001016F0 /* Main */ = {
			isa = PBXGroup;
			children = (
				CC7C61A12A963EBA009DCB9E /* Player */,
				CC7C618D2A939417009DCB9E /* PlaylistsTableCell */,
				CC7C61642A8DF5A3009DCB9E /* ItemDetails */,
				CC351F182A7FBAEA003EF23D /* SuggestedPlaylistViewCell */,
				CC351F132A7FA75A003EF23D /* HeaderTableViewCell */,
				CC351ED92A7F7112003EF23D /* SettingsModule */,
				CC351EA02A7E7CF8003EF23D /* ViewModel */,
				CC351E9F2A7E7CF2003EF23D /* View */,
				CC351ED72A7E952E003EF23D /* TabBarController.swift */,
			);
			path = Main;
			sourceTree = "<group>";
		};
		CC68C08D2A84FB71001016F0 /* Auth */ = {
			isa = PBXGroup;
			children = (
				CC16BCC92A7C0DBC000850CD /* ViewModel */,
				CC16BCC82A7C0DA9000850CD /* View */,
			);
			path = Auth;
			sourceTree = "<group>";
		};
		CC7C61642A8DF5A3009DCB9E /* ItemDetails */ = {
			isa = PBXGroup;
			children = (
				CC7C61662A8DF5B9009DCB9E /* ViewModel */,
				CC7C61652A8DF5B2009DCB9E /* View */,
			);
			path = ItemDetails;
			sourceTree = "<group>";
		};
		CC7C61652A8DF5B2009DCB9E /* View */ = {
			isa = PBXGroup;
			children = (
				CC7C61842A8FC526009DCB9E /* ItemDetailTableViewCell */,
				CC7C61672A8E6742009DCB9E /* ItemDetailViewController.swift */,
				CC7C61692A8E6752009DCB9E /* ItemDetail.storyboard */,
			);
			path = View;
			sourceTree = "<group>";
		};
		CC7C61662A8DF5B9009DCB9E /* ViewModel */ = {
			isa = PBXGroup;
			children = (
				CC7C616B2A8F3AC1009DCB9E /* ItemDetailViewModel.swift */,
			);
			path = ViewModel;
			sourceTree = "<group>";
		};
		CC7C617D2A8F9ABC009DCB9E /* Extensions */ = {
			isa = PBXGroup;
			children = (
				CC7C617E2A8F9AD3009DCB9E /* UIImage+AverageColor.swift */,
			);
			path = Extensions;
			sourceTree = "<group>";
		};
		CC7C61842A8FC526009DCB9E /* ItemDetailTableViewCell */ = {
			isa = PBXGroup;
			children = (
				CC7C61852A8FC54F009DCB9E /* ItemDetailTableViewCell.swift */,
				CC7C61862A8FC54F009DCB9E /* ItemDetailTableViewCell.xib */,
			);
			path = ItemDetailTableViewCell;
			sourceTree = "<group>";
		};
		CC7C618D2A939417009DCB9E /* PlaylistsTableCell */ = {
			isa = PBXGroup;
			children = (
				CC7C61922A93A21B009DCB9E /* PlaylistsCollectionViewCell */,
				CC7C618E2A939450009DCB9E /* PlaylistsTableViewCell.swift */,
				CC7C618F2A939450009DCB9E /* PlaylistsTableViewCell.xib */,
			);
			path = PlaylistsTableCell;
			sourceTree = "<group>";
		};
		CC7C61922A93A21B009DCB9E /* PlaylistsCollectionViewCell */ = {
			isa = PBXGroup;
			children = (
				CC7C61972A93A3B6009DCB9E /* PlaylistsCollectionViewCell.swift */,
				CC7C61982A93A3B6009DCB9E /* PlaylistsCollectionViewCell.xib */,
			);
			path = PlaylistsCollectionViewCell;
			sourceTree = "<group>";
		};
		CC7C61A12A963EBA009DCB9E /* Player */ = {
			isa = PBXGroup;
			children = (
				CC7C61A22A963ECE009DCB9E /* PlayerView.swift */,
				CC7C61B02A978F20009DCB9E /* PlayerViewOld.swift */,
				CC7C61AE2A9640BC009DCB9E /* PlayerView.xib */,
			);
			path = Player;
			sourceTree = "<group>";
		};
/* End PBXGroup section */

/* Begin PBXNativeTarget section */
		CC16BC8A2A7A2FFD000850CD /* Music app */ = {
			isa = PBXNativeTarget;
			buildConfigurationList = CC16BCA22A7A2FFE000850CD /* Build configuration list for PBXNativeTarget "Music app" */;
			buildPhases = (
				666726EA324A989BE848B369 /* [CP] Check Pods Manifest.lock */,
				CC16BC872A7A2FFD000850CD /* Sources */,
				CC16BC882A7A2FFD000850CD /* Frameworks */,
				CC16BC892A7A2FFD000850CD /* Resources */,
			);
			buildRules = (
			);
			dependencies = (
			);
			name = "Music app";
			packageProductDependencies = (
				CC68C0942A8A79FE001016F0 /* SDWebImage */,
			);
			productName = "Music app";
			productReference = CC16BC8B2A7A2FFD000850CD /* Music app.app */;
			productType = "com.apple.product-type.application";
		};
/* End PBXNativeTarget section */

/* Begin PBXProject section */
		CC16BC832A7A2FFD000850CD /* Project object */ = {
			isa = PBXProject;
			attributes = {
				BuildIndependentTargetsInParallel = 1;
				LastSwiftUpdateCheck = 1430;
				LastUpgradeCheck = 1430;
				TargetAttributes = {
					CC16BC8A2A7A2FFD000850CD = {
						CreatedOnToolsVersion = 14.3;
					};
				};
			};
			buildConfigurationList = CC16BC862A7A2FFD000850CD /* Build configuration list for PBXProject "Music app" */;
			compatibilityVersion = "Xcode 14.0";
			developmentRegion = en;
			hasScannedForEncodings = 0;
			knownRegions = (
				en,
				Base,
			);
			mainGroup = CC16BC822A7A2FFD000850CD;
			packageReferences = (
				CC68C0932A8A79FE001016F0 /* XCRemoteSwiftPackageReference "SDWebImage" */,
			);
			productRefGroup = CC16BC8C2A7A2FFD000850CD /* Products */;
			projectDirPath = "";
			projectRoot = "";
			targets = (
				CC16BC8A2A7A2FFD000850CD /* Music app */,
			);
		};
/* End PBXProject section */

/* Begin PBXResourcesBuildPhase section */
		CC16BC892A7A2FFD000850CD /* Resources */ = {
			isa = PBXResourcesBuildPhase;
			buildActionMask = 2147483647;
			files = (
				CC7C61912A939450009DCB9E /* PlaylistsTableViewCell.xib in Resources */,
				CC68C04C2A825B44001016F0 /* MyMediaPage.storyboard in Resources */,
				CC16BC9E2A7A2FFE000850CD /* LaunchScreen.storyboard in Resources */,
				CC16BC9B2A7A2FFE000850CD /* Assets.xcassets in Resources */,
				CC7C616A2A8E6752009DCB9E /* ItemDetail.storyboard in Resources */,
				CC68C0552A826586001016F0 /* QuizPage.storyboard in Resources */,
				CC7C61AF2A9640BC009DCB9E /* PlayerView.xib in Resources */,
				CC351F172A7FA782003EF23D /* HeaderTableViewCell.xib in Resources */,
				CC351EA42A7E7D12003EF23D /* MainPage.storyboard in Resources */,
				CC7C61882A8FC54F009DCB9E /* ItemDetailTableViewCell.xib in Resources */,
				CC3F07372A8BB4A20018BF5B /* UserDetails.storyboard in Resources */,
				CC351F1C2A7FBB07003EF23D /* TopPlaylistTableViewCell.xib in Resources */,
				CC351F252A7FBBF9003EF23D /* TopPlaylistCollectionViewCell.xib in Resources */,
				CC7C619A2A93A3B6009DCB9E /* PlaylistsCollectionViewCell.xib in Resources */,
				CC68C02A2A821756001016F0 /* UserProfile.storyboard in Resources */,
				CC68C03D2A823F4E001016F0 /* SearchPage.storyboard in Resources */,
				CC3F07302A8BB2E20018BF5B /* Login.storyboard in Resources */,
			);
			runOnlyForDeploymentPostprocessing = 0;
		};
/* End PBXResourcesBuildPhase section */

/* Begin PBXShellScriptBuildPhase section */
		666726EA324A989BE848B369 /* [CP] Check Pods Manifest.lock */ = {
			isa = PBXShellScriptBuildPhase;
			buildActionMask = 2147483647;
			files = (
			);
			inputFileListPaths = (
			);
			inputPaths = (
				"${PODS_PODFILE_DIR_PATH}/Podfile.lock",
				"${PODS_ROOT}/Manifest.lock",
			);
			name = "[CP] Check Pods Manifest.lock";
			outputFileListPaths = (
			);
			outputPaths = (
				"$(DERIVED_FILE_DIR)/Pods-Music app-checkManifestLockResult.txt",
			);
			runOnlyForDeploymentPostprocessing = 0;
			shellPath = /bin/sh;
			shellScript = "diff \"${PODS_PODFILE_DIR_PATH}/Podfile.lock\" \"${PODS_ROOT}/Manifest.lock\" > /dev/null\nif [ $? != 0 ] ; then\n    # print error to STDERR\n    echo \"error: The sandbox is not in sync with the Podfile.lock. Run 'pod install' or update your CocoaPods installation.\" >&2\n    exit 1\nfi\n# This output is used by Xcode 'outputs' to avoid re-running this script phase.\necho \"SUCCESS\" > \"${SCRIPT_OUTPUT_FILE_0}\"\n";
			showEnvVarsInLog = 0;
		};
/* End PBXShellScriptBuildPhase section */

/* Begin PBXSourcesBuildPhase section */
		CC16BC872A7A2FFD000850CD /* Sources */ = {
			isa = PBXSourcesBuildPhase;
			buildActionMask = 2147483647;
			files = (
				CC351E852A7D39BB003EF23D /* CoordinatorProtocol.swift in Sources */,
				CC351E872A7D3A30003EF23D /* MainCoordinator.swift in Sources */,
				CC351F272A7FD51E003EF23D /* MainPageViewModel.swift in Sources */,
				CC7C61A32A963ECE009DCB9E /* PlayerView.swift in Sources */,
				CC16BCCC2A7C0E49000850CD /* LoginViewController.swift in Sources */,
				CC7C61B12A978F20009DCB9E /* PlayerViewOld.swift in Sources */,
				CC351E8D2A7D3B74003EF23D /* AppConstants.swift in Sources */,
				CC68C0462A824185001016F0 /* UserProfileViewModel.swift in Sources */,
				CC351E922A7D3CD3003EF23D /* LoginCoordinator.swift in Sources */,
				CC68C0392A8239E9001016F0 /* StoryboardEnum.swift in Sources */,
				CC68C05C2A826626001016F0 /* QuizPageCoordinator.swift in Sources */,
				CC16BCA62A7A3E27000850CD /* APIService.swift in Sources */,
				CC68C0412A823F90001016F0 /* SearchPageCoordinator.swift in Sources */,
				CC351E9D2A7D4565003EF23D /* KeychainManager.swift in Sources */,
				CC68C0572A82658F001016F0 /* QuizPageViewController.swift in Sources */,
				CC351F1B2A7FBB07003EF23D /* TopPlaylistTableViewCell.swift in Sources */,
				CC7C616E2A8F4184009DCB9E /* AlbumModel.swift in Sources */,
				CC16BC8F2A7A2FFD000850CD /* AppDelegate.swift in Sources */,
				CC68C03B2A823D44001016F0 /* StoryboardedProtocol.swift in Sources */,
				CC16BC912A7A2FFD000850CD /* SceneDelegate.swift in Sources */,
				CC7C61812A8FA109009DCB9E /* ToplistPlaylistModel.swift in Sources */,
				CC351F242A7FBBF9003EF23D /* TopPlaylistCollectionViewCell.swift in Sources */,
				CC7C61832A8FB678009DCB9E /* PlaylistModel.swift in Sources */,
				CC68C04E2A825B50001016F0 /* MyMediaPageViewController.swift in Sources */,
				CC3F073B2A8BB7360018BF5B /* UserDetailsViewModel.swift in Sources */,
				CC351ED82A7E952E003EF23D /* TabBarController.swift in Sources */,
				CC7C616C2A8F3AC1009DCB9E /* ItemDetailViewModel.swift in Sources */,
				CC7C618C2A920A0D009DCB9E /* AlbumType.swift in Sources */,
				CC7C617C2A8F8C4D009DCB9E /* FeaturedPlaylists.swift in Sources */,
				CC16BC992A7A2FFD000850CD /* Music_app.xcdatamodeld in Sources */,
				CC68C0532A825C1A001016F0 /* MyMediaPageCoordinator.swift in Sources */,
				CC7C617F2A8F9AD3009DCB9E /* UIImage+AverageColor.swift in Sources */,
				CC7C61992A93A3B6009DCB9E /* PlaylistsCollectionViewCell.swift in Sources */,
				CC68C0432A824012001016F0 /* SearchPageViewModel.swift in Sources */,
				CC7C61872A8FC54F009DCB9E /* ItemDetailTableViewCell.swift in Sources */,
				CC351E8B2A7D3B02003EF23D /* LoginViewModelProtocol.swift in Sources */,
				CC7C61902A939450009DCB9E /* PlaylistsTableViewCell.swift in Sources */,
				CC351E8F2A7D3C58003EF23D /* TabbarCoordinator.swift in Sources */,
				CC68C03F2A823F59001016F0 /* SearchPageViewController.swift in Sources */,
				CC351E9A2A7D43F2003EF23D /* NetworkConstants.swift in Sources */,
				CC68C0502A825B9E001016F0 /* MyMediaPageViewModel.swift in Sources */,
				CC351F162A7FA782003EF23D /* HeaderTableViewCell.swift in Sources */,
				CC3F07352A8BB47C0018BF5B /* UserDetailsViewController.swift in Sources */,
				CC7C618A2A91FB79009DCB9E /* SearchModel.swift in Sources */,
				CC7C61682A8E6742009DCB9E /* ItemDetailViewController.swift in Sources */,
				CC7C617A2A8F6C4B009DCB9E /* Followers.swift in Sources */,
				CC351EA72A7E7D82003EF23D /* MainPageCoordinator.swift in Sources */,
				CC68C02C2A821770001016F0 /* UserProfileViewController.swift in Sources */,
				CC351E892A7D3AED003EF23D /* LoginViewModel.swift in Sources */,
				CC68C0252A80D6D7001016F0 /* UserProfile.swift in Sources */,
				CC68C08F2A854EB8001016F0 /* NewReleases.swift in Sources */,
				CC351EA22A7E7D0A003EF23D /* MainPageViewController.swift in Sources */,
				CC68C0592A8265F6001016F0 /* QuizPageViewModel.swift in Sources */,
				CC7C61632A8CB33E009DCB9E /* SearchModelTemp.swift in Sources */,
				CC68C0922A855D61001016F0 /* ImageModel.swift in Sources */,
				CC351E982A7D437B003EF23D /* LoginManager.swift in Sources */,
			);
			runOnlyForDeploymentPostprocessing = 0;
		};
/* End PBXSourcesBuildPhase section */

/* Begin PBXVariantGroup section */
		CC16BC9C2A7A2FFE000850CD /* LaunchScreen.storyboard */ = {
			isa = PBXVariantGroup;
			children = (
				CC16BC9D2A7A2FFE000850CD /* Base */,
			);
			name = LaunchScreen.storyboard;
			sourceTree = "<group>";
		};
/* End PBXVariantGroup section */

/* Begin XCBuildConfiguration section */
		CC16BCA02A7A2FFE000850CD /* Debug */ = {
			isa = XCBuildConfiguration;
			buildSettings = {
				ALWAYS_SEARCH_USER_PATHS = NO;
				CLANG_ANALYZER_NONNULL = YES;
				CLANG_ANALYZER_NUMBER_OBJECT_CONVERSION = YES_AGGRESSIVE;
				CLANG_CXX_LANGUAGE_STANDARD = "gnu++20";
				CLANG_ENABLE_MODULES = YES;
				CLANG_ENABLE_OBJC_ARC = YES;
				CLANG_ENABLE_OBJC_WEAK = YES;
				CLANG_WARN_BLOCK_CAPTURE_AUTORELEASING = YES;
				CLANG_WARN_BOOL_CONVERSION = YES;
				CLANG_WARN_COMMA = YES;
				CLANG_WARN_CONSTANT_CONVERSION = YES;
				CLANG_WARN_DEPRECATED_OBJC_IMPLEMENTATIONS = YES;
				CLANG_WARN_DIRECT_OBJC_ISA_USAGE = YES_ERROR;
				CLANG_WARN_DOCUMENTATION_COMMENTS = YES;
				CLANG_WARN_EMPTY_BODY = YES;
				CLANG_WARN_ENUM_CONVERSION = YES;
				CLANG_WARN_INFINITE_RECURSION = YES;
				CLANG_WARN_INT_CONVERSION = YES;
				CLANG_WARN_NON_LITERAL_NULL_CONVERSION = YES;
				CLANG_WARN_OBJC_IMPLICIT_RETAIN_SELF = YES;
				CLANG_WARN_OBJC_LITERAL_CONVERSION = YES;
				CLANG_WARN_OBJC_ROOT_CLASS = YES_ERROR;
				CLANG_WARN_QUOTED_INCLUDE_IN_FRAMEWORK_HEADER = YES;
				CLANG_WARN_RANGE_LOOP_ANALYSIS = YES;
				CLANG_WARN_STRICT_PROTOTYPES = YES;
				CLANG_WARN_SUSPICIOUS_MOVE = YES;
				CLANG_WARN_UNGUARDED_AVAILABILITY = YES_AGGRESSIVE;
				CLANG_WARN_UNREACHABLE_CODE = YES;
				CLANG_WARN__DUPLICATE_METHOD_MATCH = YES;
				COPY_PHASE_STRIP = NO;
				DEBUG_INFORMATION_FORMAT = dwarf;
				ENABLE_STRICT_OBJC_MSGSEND = YES;
				ENABLE_TESTABILITY = YES;
				GCC_C_LANGUAGE_STANDARD = gnu11;
				GCC_DYNAMIC_NO_PIC = NO;
				GCC_NO_COMMON_BLOCKS = YES;
				GCC_OPTIMIZATION_LEVEL = 0;
				GCC_PREPROCESSOR_DEFINITIONS = (
					"DEBUG=1",
					"$(inherited)",
				);
				GCC_WARN_64_TO_32_BIT_CONVERSION = YES;
				GCC_WARN_ABOUT_RETURN_TYPE = YES_ERROR;
				GCC_WARN_UNDECLARED_SELECTOR = YES;
				GCC_WARN_UNINITIALIZED_AUTOS = YES_AGGRESSIVE;
				GCC_WARN_UNUSED_FUNCTION = YES;
				GCC_WARN_UNUSED_VARIABLE = YES;
				IPHONEOS_DEPLOYMENT_TARGET = 16.4;
				MTL_ENABLE_DEBUG_INFO = INCLUDE_SOURCE;
				MTL_FAST_MATH = YES;
				ONLY_ACTIVE_ARCH = YES;
				SDKROOT = iphoneos;
				SWIFT_ACTIVE_COMPILATION_CONDITIONS = DEBUG;
				SWIFT_OPTIMIZATION_LEVEL = "-Onone";
			};
			name = Debug;
		};
		CC16BCA12A7A2FFE000850CD /* Release */ = {
			isa = XCBuildConfiguration;
			buildSettings = {
				ALWAYS_SEARCH_USER_PATHS = NO;
				CLANG_ANALYZER_NONNULL = YES;
				CLANG_ANALYZER_NUMBER_OBJECT_CONVERSION = YES_AGGRESSIVE;
				CLANG_CXX_LANGUAGE_STANDARD = "gnu++20";
				CLANG_ENABLE_MODULES = YES;
				CLANG_ENABLE_OBJC_ARC = YES;
				CLANG_ENABLE_OBJC_WEAK = YES;
				CLANG_WARN_BLOCK_CAPTURE_AUTORELEASING = YES;
				CLANG_WARN_BOOL_CONVERSION = YES;
				CLANG_WARN_COMMA = YES;
				CLANG_WARN_CONSTANT_CONVERSION = YES;
				CLANG_WARN_DEPRECATED_OBJC_IMPLEMENTATIONS = YES;
				CLANG_WARN_DIRECT_OBJC_ISA_USAGE = YES_ERROR;
				CLANG_WARN_DOCUMENTATION_COMMENTS = YES;
				CLANG_WARN_EMPTY_BODY = YES;
				CLANG_WARN_ENUM_CONVERSION = YES;
				CLANG_WARN_INFINITE_RECURSION = YES;
				CLANG_WARN_INT_CONVERSION = YES;
				CLANG_WARN_NON_LITERAL_NULL_CONVERSION = YES;
				CLANG_WARN_OBJC_IMPLICIT_RETAIN_SELF = YES;
				CLANG_WARN_OBJC_LITERAL_CONVERSION = YES;
				CLANG_WARN_OBJC_ROOT_CLASS = YES_ERROR;
				CLANG_WARN_QUOTED_INCLUDE_IN_FRAMEWORK_HEADER = YES;
				CLANG_WARN_RANGE_LOOP_ANALYSIS = YES;
				CLANG_WARN_STRICT_PROTOTYPES = YES;
				CLANG_WARN_SUSPICIOUS_MOVE = YES;
				CLANG_WARN_UNGUARDED_AVAILABILITY = YES_AGGRESSIVE;
				CLANG_WARN_UNREACHABLE_CODE = YES;
				CLANG_WARN__DUPLICATE_METHOD_MATCH = YES;
				COPY_PHASE_STRIP = NO;
				DEBUG_INFORMATION_FORMAT = "dwarf-with-dsym";
				ENABLE_NS_ASSERTIONS = NO;
				ENABLE_STRICT_OBJC_MSGSEND = YES;
				GCC_C_LANGUAGE_STANDARD = gnu11;
				GCC_NO_COMMON_BLOCKS = YES;
				GCC_WARN_64_TO_32_BIT_CONVERSION = YES;
				GCC_WARN_ABOUT_RETURN_TYPE = YES_ERROR;
				GCC_WARN_UNDECLARED_SELECTOR = YES;
				GCC_WARN_UNINITIALIZED_AUTOS = YES_AGGRESSIVE;
				GCC_WARN_UNUSED_FUNCTION = YES;
				GCC_WARN_UNUSED_VARIABLE = YES;
				IPHONEOS_DEPLOYMENT_TARGET = 16.4;
				MTL_ENABLE_DEBUG_INFO = NO;
				MTL_FAST_MATH = YES;
				SDKROOT = iphoneos;
				SWIFT_COMPILATION_MODE = wholemodule;
				SWIFT_OPTIMIZATION_LEVEL = "-O";
				VALIDATE_PRODUCT = YES;
			};
			name = Release;
		};
		CC16BCA32A7A2FFE000850CD /* Debug */ = {
			isa = XCBuildConfiguration;
			baseConfigurationReference = 2280ABF89DE0A6DE50FA10BA /* Pods-Music app.debug.xcconfig */;
			buildSettings = {
				ASSETCATALOG_COMPILER_APPICON_NAME = AppIcon;
				ASSETCATALOG_COMPILER_GLOBAL_ACCENT_COLOR_NAME = AccentColor;
				CODE_SIGN_STYLE = Automatic;
				CURRENT_PROJECT_VERSION = 1;
				DEVELOPMENT_TEAM = 73Q6PTQ49X;
				GENERATE_INFOPLIST_FILE = YES;
				INFOPLIST_FILE = "Music app/Resources/Info.plist";
				INFOPLIST_KEY_UIApplicationSupportsIndirectInputEvents = YES;
				INFOPLIST_KEY_UILaunchStoryboardName = LaunchScreen;
				INFOPLIST_KEY_UISupportedInterfaceOrientations = UIInterfaceOrientationPortrait;
				LD_RUNPATH_SEARCH_PATHS = (
					"$(inherited)",
					"@executable_path/Frameworks",
				);
				MARKETING_VERSION = 1.0;
				PRODUCT_BUNDLE_IDENTIFIER = "test.Music-app";
				PRODUCT_NAME = "$(TARGET_NAME)";
				SWIFT_EMIT_LOC_STRINGS = YES;
				SWIFT_VERSION = 5.0;
				TARGETED_DEVICE_FAMILY = "1,2";
			};
			name = Debug;
		};
		CC16BCA42A7A2FFE000850CD /* Release */ = {
			isa = XCBuildConfiguration;
			baseConfigurationReference = BB57875C3D08EC7B7A0598B8 /* Pods-Music app.release.xcconfig */;
			buildSettings = {
				ASSETCATALOG_COMPILER_APPICON_NAME = AppIcon;
				ASSETCATALOG_COMPILER_GLOBAL_ACCENT_COLOR_NAME = AccentColor;
				CODE_SIGN_STYLE = Automatic;
				CURRENT_PROJECT_VERSION = 1;
				DEVELOPMENT_TEAM = 73Q6PTQ49X;
				GENERATE_INFOPLIST_FILE = YES;
				INFOPLIST_FILE = "Music app/Resources/Info.plist";
				INFOPLIST_KEY_UIApplicationSupportsIndirectInputEvents = YES;
				INFOPLIST_KEY_UILaunchStoryboardName = LaunchScreen;
				INFOPLIST_KEY_UISupportedInterfaceOrientations = UIInterfaceOrientationPortrait;
				LD_RUNPATH_SEARCH_PATHS = (
					"$(inherited)",
					"@executable_path/Frameworks",
				);
				MARKETING_VERSION = 1.0;
				PRODUCT_BUNDLE_IDENTIFIER = "test.Music-app";
				PRODUCT_NAME = "$(TARGET_NAME)";
				SWIFT_EMIT_LOC_STRINGS = YES;
				SWIFT_VERSION = 5.0;
				TARGETED_DEVICE_FAMILY = "1,2";
			};
			name = Release;
		};
/* End XCBuildConfiguration section */

/* Begin XCConfigurationList section */
		CC16BC862A7A2FFD000850CD /* Build configuration list for PBXProject "Music app" */ = {
			isa = XCConfigurationList;
			buildConfigurations = (
				CC16BCA02A7A2FFE000850CD /* Debug */,
				CC16BCA12A7A2FFE000850CD /* Release */,
			);
			defaultConfigurationIsVisible = 0;
			defaultConfigurationName = Release;
		};
		CC16BCA22A7A2FFE000850CD /* Build configuration list for PBXNativeTarget "Music app" */ = {
			isa = XCConfigurationList;
			buildConfigurations = (
				CC16BCA32A7A2FFE000850CD /* Debug */,
				CC16BCA42A7A2FFE000850CD /* Release */,
			);
			defaultConfigurationIsVisible = 0;
			defaultConfigurationName = Release;
		};
/* End XCConfigurationList section */

/* Begin XCRemoteSwiftPackageReference section */
		CC68C0932A8A79FE001016F0 /* XCRemoteSwiftPackageReference "SDWebImage" */ = {
			isa = XCRemoteSwiftPackageReference;
			repositoryURL = "https://github.com/SDWebImage/SDWebImage.git";
			requirement = {
				kind = upToNextMajorVersion;
				minimumVersion = 5.0.0;
			};
		};
/* End XCRemoteSwiftPackageReference section */

/* Begin XCSwiftPackageProductDependency section */
		CC68C0942A8A79FE001016F0 /* SDWebImage */ = {
			isa = XCSwiftPackageProductDependency;
			package = CC68C0932A8A79FE001016F0 /* XCRemoteSwiftPackageReference "SDWebImage" */;
			productName = SDWebImage;
		};
/* End XCSwiftPackageProductDependency section */

/* Begin XCVersionGroup section */
		CC16BC972A7A2FFD000850CD /* Music_app.xcdatamodeld */ = {
			isa = XCVersionGroup;
			children = (
				CC16BC982A7A2FFD000850CD /* Music_app.xcdatamodel */,
			);
			currentVersion = CC16BC982A7A2FFD000850CD /* Music_app.xcdatamodel */;
			path = Music_app.xcdatamodeld;
			sourceTree = "<group>";
			versionGroupType = wrapper.xcdatamodel;
		};
/* End XCVersionGroup section */
	};
	rootObject = CC16BC832A7A2FFD000850CD /* Project object */;
}
